// !$*UTF8*$!
{
	archiveVersion = 1;
	classes = {
	};
	objectVersion = 54;
	objects = {

/* Begin PBXBuildFile section */
		AA18881B2A08F49E0034CF79 /* WeatherData.swift in Sources */ = {isa = PBXBuildFile; fileRef = AA18881A2A08F49E0034CF79 /* WeatherData.swift */; };
		AA6AF57D29F8FC8F00A5DB0A /* AlertManager.swift in Sources */ = {isa = PBXBuildFile; fileRef = AA6AF57C29F8FC8F00A5DB0A /* AlertManager.swift */; };
		AA9DF69C29F76B9F00653F70 /* Date+.swift in Sources */ = {isa = PBXBuildFile; fileRef = AA9DF69B29F76B9F00653F70 /* Date+.swift */; };
		AAB544AE2A08E2A50003141B /* NetworkManager.swift in Sources */ = {isa = PBXBuildFile; fileRef = AAB544AD2A08E2A50003141B /* NetworkManager.swift */; };
		AAC80FA229FB8B9200C499CD /* ContentsEntity+CoreDataClass.swift in Sources */ = {isa = PBXBuildFile; fileRef = AAC80FA029FB8B9200C499CD /* ContentsEntity+CoreDataClass.swift */; };
		AAC80FA329FB8B9200C499CD /* ContentsEntity+CoreDataProperties.swift in Sources */ = {isa = PBXBuildFile; fileRef = AAC80FA129FB8B9200C499CD /* ContentsEntity+CoreDataProperties.swift */; };
		BF15022D2A08DE8700BB16F8 /* NetworkError.swift in Sources */ = {isa = PBXBuildFile; fileRef = BF15022C2A08DE8700BB16F8 /* NetworkError.swift */; };
		BF1502302A08DEAD00BB16F8 /* EndPoint.swift in Sources */ = {isa = PBXBuildFile; fileRef = BF15022F2A08DEAD00BB16F8 /* EndPoint.swift */; };
		BF523F8629F8F3C000BA8553 /* DecodeManager.swift in Sources */ = {isa = PBXBuildFile; fileRef = BF523F8529F8F3C000BA8553 /* DecodeManager.swift */; };
		BF523F8829F8F53F00BA8553 /* DiaryError.swift in Sources */ = {isa = PBXBuildFile; fileRef = BF523F8729F8F53F00BA8553 /* DiaryError.swift */; };
		BFA3F40029FB8CD200D3B6B6 /* CoreDataManager.swift in Sources */ = {isa = PBXBuildFile; fileRef = BFA3F3FF29FB8CD200D3B6B6 /* CoreDataManager.swift */; };
		BFBD2B8C29F6493400A5DC87 /* Contents.swift in Sources */ = {isa = PBXBuildFile; fileRef = BFBD2B8B29F6493400A5DC87 /* Contents.swift */; };
		BFBD2B8E29F6528400A5DC87 /* ContentsTableViewCell.swift in Sources */ = {isa = PBXBuildFile; fileRef = BFBD2B8D29F6528400A5DC87 /* ContentsTableViewCell.swift */; };
		BFBD2B9029F6531000A5DC87 /* IdentifierType.swift in Sources */ = {isa = PBXBuildFile; fileRef = BFBD2B8F29F6531000A5DC87 /* IdentifierType.swift */; };
		BFBD2B9329F6570600A5DC87 /* .swiftlint.yml in Resources */ = {isa = PBXBuildFile; fileRef = BFBD2B9229F6570600A5DC87 /* .swiftlint.yml */; };
		BFD3C62F29F790080000B28B /* DiaryDetailViewController.swift in Sources */ = {isa = PBXBuildFile; fileRef = BFD3C62E29F790080000B28B /* DiaryDetailViewController.swift */; };
		BFDA879E2A0CB5D000A80314 /* LocationManager.swift in Sources */ = {isa = PBXBuildFile; fileRef = BFDA879D2A0CB5D000A80314 /* LocationManager.swift */; };
		BFDA87A02A0CBA7600A80314 /* NotificationName+.swift in Sources */ = {isa = PBXBuildFile; fileRef = BFDA879F2A0CBA7600A80314 /* NotificationName+.swift */; };
		BFDA87A22A0CBD4900A80314 /* Coordinate.swift in Sources */ = {isa = PBXBuildFile; fileRef = BFDA87A12A0CBD4900A80314 /* Coordinate.swift */; };
		BFDA87A72A0CE71800A80314 /* WeatherNetworkManager.swift in Sources */ = {isa = PBXBuildFile; fileRef = BFDA87A62A0CE71800A80314 /* WeatherNetworkManager.swift */; };
		BFF2F46F2A025492006B728E /* DiaryDetailViewControllerDelegate.swift in Sources */ = {isa = PBXBuildFile; fileRef = BFF2F46E2A025492006B728E /* DiaryDetailViewControllerDelegate.swift */; };
		C739AE25284DF28600741E8F /* AppDelegate.swift in Sources */ = {isa = PBXBuildFile; fileRef = C739AE24284DF28600741E8F /* AppDelegate.swift */; };
		C739AE27284DF28600741E8F /* SceneDelegate.swift in Sources */ = {isa = PBXBuildFile; fileRef = C739AE26284DF28600741E8F /* SceneDelegate.swift */; };
		C739AE29284DF28600741E8F /* DiaryListViewController.swift in Sources */ = {isa = PBXBuildFile; fileRef = C739AE28284DF28600741E8F /* DiaryListViewController.swift */; };
		C739AE2F284DF28600741E8F /* Diary.xcdatamodeld in Sources */ = {isa = PBXBuildFile; fileRef = C739AE2D284DF28600741E8F /* Diary.xcdatamodeld */; };
		C739AE31284DF28600741E8F /* Assets.xcassets in Resources */ = {isa = PBXBuildFile; fileRef = C739AE30284DF28600741E8F /* Assets.xcassets */; };
		C739AE34284DF28600741E8F /* LaunchScreen.storyboard in Resources */ = {isa = PBXBuildFile; fileRef = C739AE32284DF28600741E8F /* LaunchScreen.storyboard */; };
/* End PBXBuildFile section */

/* Begin PBXFileReference section */
		AA18881A2A08F49E0034CF79 /* WeatherData.swift */ = {isa = PBXFileReference; lastKnownFileType = sourcecode.swift; path = WeatherData.swift; sourceTree = "<group>"; };
		AA6AF57C29F8FC8F00A5DB0A /* AlertManager.swift */ = {isa = PBXFileReference; lastKnownFileType = sourcecode.swift; path = AlertManager.swift; sourceTree = "<group>"; };
		AA9DF69B29F76B9F00653F70 /* Date+.swift */ = {isa = PBXFileReference; lastKnownFileType = sourcecode.swift; path = "Date+.swift"; sourceTree = "<group>"; };
		AAB09A1D2A0A18D300D39318 /* Diary v2.xcdatamodel */ = {isa = PBXFileReference; lastKnownFileType = wrapper.xcdatamodel; path = "Diary v2.xcdatamodel"; sourceTree = "<group>"; };
		AAB544AD2A08E2A50003141B /* NetworkManager.swift */ = {isa = PBXFileReference; lastKnownFileType = sourcecode.swift; path = NetworkManager.swift; sourceTree = "<group>"; };
		AAC80FA029FB8B9200C499CD /* ContentsEntity+CoreDataClass.swift */ = {isa = PBXFileReference; lastKnownFileType = sourcecode.swift; path = "ContentsEntity+CoreDataClass.swift"; sourceTree = "<group>"; };
		AAC80FA129FB8B9200C499CD /* ContentsEntity+CoreDataProperties.swift */ = {isa = PBXFileReference; lastKnownFileType = sourcecode.swift; path = "ContentsEntity+CoreDataProperties.swift"; sourceTree = "<group>"; };
		BF15022C2A08DE8700BB16F8 /* NetworkError.swift */ = {isa = PBXFileReference; lastKnownFileType = sourcecode.swift; path = NetworkError.swift; sourceTree = "<group>"; };
		BF15022F2A08DEAD00BB16F8 /* EndPoint.swift */ = {isa = PBXFileReference; lastKnownFileType = sourcecode.swift; path = EndPoint.swift; sourceTree = "<group>"; };
		BF523F8529F8F3C000BA8553 /* DecodeManager.swift */ = {isa = PBXFileReference; lastKnownFileType = sourcecode.swift; path = DecodeManager.swift; sourceTree = "<group>"; };
		BF523F8729F8F53F00BA8553 /* DiaryError.swift */ = {isa = PBXFileReference; lastKnownFileType = sourcecode.swift; path = DiaryError.swift; sourceTree = "<group>"; };
		BFA3F3FF29FB8CD200D3B6B6 /* CoreDataManager.swift */ = {isa = PBXFileReference; lastKnownFileType = sourcecode.swift; path = CoreDataManager.swift; sourceTree = "<group>"; };
		BFBD2B8B29F6493400A5DC87 /* Contents.swift */ = {isa = PBXFileReference; lastKnownFileType = sourcecode.swift; path = Contents.swift; sourceTree = "<group>"; };
		BFBD2B8D29F6528400A5DC87 /* ContentsTableViewCell.swift */ = {isa = PBXFileReference; lastKnownFileType = sourcecode.swift; path = ContentsTableViewCell.swift; sourceTree = "<group>"; };
		BFBD2B8F29F6531000A5DC87 /* IdentifierType.swift */ = {isa = PBXFileReference; lastKnownFileType = sourcecode.swift; path = IdentifierType.swift; sourceTree = "<group>"; };
		BFBD2B9229F6570600A5DC87 /* .swiftlint.yml */ = {isa = PBXFileReference; lastKnownFileType = text.yaml; path = .swiftlint.yml; sourceTree = "<group>"; };
		BFD3C62E29F790080000B28B /* DiaryDetailViewController.swift */ = {isa = PBXFileReference; lastKnownFileType = sourcecode.swift; path = DiaryDetailViewController.swift; sourceTree = "<group>"; };
		BFDA879D2A0CB5D000A80314 /* LocationManager.swift */ = {isa = PBXFileReference; lastKnownFileType = sourcecode.swift; path = LocationManager.swift; sourceTree = "<group>"; };
		BFDA879F2A0CBA7600A80314 /* NotificationName+.swift */ = {isa = PBXFileReference; lastKnownFileType = sourcecode.swift; path = "NotificationName+.swift"; sourceTree = "<group>"; };
		BFDA87A12A0CBD4900A80314 /* Coordinate.swift */ = {isa = PBXFileReference; lastKnownFileType = sourcecode.swift; path = Coordinate.swift; sourceTree = "<group>"; };
		BFDA87A62A0CE71800A80314 /* WeatherNetworkManager.swift */ = {isa = PBXFileReference; lastKnownFileType = sourcecode.swift; path = WeatherNetworkManager.swift; sourceTree = "<group>"; };
		BFF2F46E2A025492006B728E /* DiaryDetailViewControllerDelegate.swift */ = {isa = PBXFileReference; lastKnownFileType = sourcecode.swift; path = DiaryDetailViewControllerDelegate.swift; sourceTree = "<group>"; };
		C739AE21284DF28600741E8F /* Diary.app */ = {isa = PBXFileReference; explicitFileType = wrapper.application; includeInIndex = 0; path = Diary.app; sourceTree = BUILT_PRODUCTS_DIR; };
		C739AE24284DF28600741E8F /* AppDelegate.swift */ = {isa = PBXFileReference; lastKnownFileType = sourcecode.swift; path = AppDelegate.swift; sourceTree = "<group>"; };
		C739AE26284DF28600741E8F /* SceneDelegate.swift */ = {isa = PBXFileReference; lastKnownFileType = sourcecode.swift; path = SceneDelegate.swift; sourceTree = "<group>"; };
		C739AE28284DF28600741E8F /* DiaryListViewController.swift */ = {isa = PBXFileReference; lastKnownFileType = sourcecode.swift; path = DiaryListViewController.swift; sourceTree = "<group>"; };
		C739AE2E284DF28600741E8F /* Diary.xcdatamodel */ = {isa = PBXFileReference; lastKnownFileType = wrapper.xcdatamodel; path = Diary.xcdatamodel; sourceTree = "<group>"; };
		C739AE30284DF28600741E8F /* Assets.xcassets */ = {isa = PBXFileReference; lastKnownFileType = folder.assetcatalog; path = Assets.xcassets; sourceTree = "<group>"; };
		C739AE33284DF28600741E8F /* Base */ = {isa = PBXFileReference; lastKnownFileType = file.storyboard; name = Base; path = Base.lproj/LaunchScreen.storyboard; sourceTree = "<group>"; };
		C739AE35284DF28600741E8F /* Info.plist */ = {isa = PBXFileReference; lastKnownFileType = text.plist.xml; path = Info.plist; sourceTree = "<group>"; };
/* End PBXFileReference section */

/* Begin PBXFrameworksBuildPhase section */
		C739AE1E284DF28600741E8F /* Frameworks */ = {
			isa = PBXFrameworksBuildPhase;
			buildActionMask = 2147483647;
			files = (
			);
			runOnlyForDeploymentPostprocessing = 0;
		};
/* End PBXFrameworksBuildPhase section */

/* Begin PBXGroup section */
		AA75AC8F29FB6D1400CA7782 /* CoreData */ = {
			isa = PBXGroup;
			children = (
				C739AE2D284DF28600741E8F /* Diary.xcdatamodeld */,
				AAC80FA029FB8B9200C499CD /* ContentsEntity+CoreDataClass.swift */,
				AAC80FA129FB8B9200C499CD /* ContentsEntity+CoreDataProperties.swift */,
				BFA3F3FF29FB8CD200D3B6B6 /* CoreDataManager.swift */,
			);
			path = CoreData;
			sourceTree = "<group>";
		};
		AA9DF69A29F76B6D00653F70 /* Extension */ = {
			isa = PBXGroup;
			children = (
				AA9DF69B29F76B9F00653F70 /* Date+.swift */,
				BFDA879F2A0CBA7600A80314 /* NotificationName+.swift */,
			);
			path = Extension;
			sourceTree = "<group>";
		};
		AAB0417129F64BA1006B6D9A /* Application */ = {
			isa = PBXGroup;
			children = (
				C739AE24284DF28600741E8F /* AppDelegate.swift */,
				C739AE26284DF28600741E8F /* SceneDelegate.swift */,
			);
			path = Application;
			sourceTree = "<group>";
		};
		AAB0417229F64BB5006B6D9A /* Resources */ = {
			isa = PBXGroup;
			children = (
				C739AE30284DF28600741E8F /* Assets.xcassets */,
				C739AE32284DF28600741E8F /* LaunchScreen.storyboard */,
				C739AE35284DF28600741E8F /* Info.plist */,
			);
			path = Resources;
			sourceTree = "<group>";
		};
		AAB0417329F64BBF006B6D9A /* Presentation */ = {
			isa = PBXGroup;
			children = (
				BFDA87A32A0CE60500A80314 /* DiaryList */,
				BFDA87A42A0CE65B00A80314 /* DiaryDetail */,
			);
			path = Presentation;
			sourceTree = "<group>";
		};
		AAB0417629F64BD5006B6D9A /* Model */ = {
			isa = PBXGroup;
			children = (
				BFBD2B8B29F6493400A5DC87 /* Contents.swift */,
				AA18881A2A08F49E0034CF79 /* WeatherData.swift */,
				BFDA87A12A0CBD4900A80314 /* Coordinate.swift */,
			);
			path = Model;
			sourceTree = "<group>";
		};
		BF15022E2A08DE9C00BB16F8 /* Network */ = {
			isa = PBXGroup;
			children = (
				BF15022F2A08DEAD00BB16F8 /* EndPoint.swift */,
				AAB544AD2A08E2A50003141B /* NetworkManager.swift */,
			);
			path = Network;
			sourceTree = "<group>";
		};
		BF72A20C2A02054000231F21 /* Utility */ = {
			isa = PBXGroup;
			children = (
				BF523F8529F8F3C000BA8553 /* DecodeManager.swift */,
				AA6AF57C29F8FC8F00A5DB0A /* AlertManager.swift */,
				BFDA879D2A0CB5D000A80314 /* LocationManager.swift */,
			);
			path = Utility;
			sourceTree = "<group>";
		};
		BF72A20D2A0205AC00231F21 /* Error */ = {
			isa = PBXGroup;
			children = (
				BF523F8729F8F53F00BA8553 /* DiaryError.swift */,
				BF15022C2A08DE8700BB16F8 /* NetworkError.swift */,
			);
			path = Error;
			sourceTree = "<group>";
		};
		BFDA87A32A0CE60500A80314 /* DiaryList */ = {
			isa = PBXGroup;
			children = (
				BFF2F46D2A02547D006B728E /* Protocol */,
				C739AE28284DF28600741E8F /* DiaryListViewController.swift */,
				BFBD2B8D29F6528400A5DC87 /* ContentsTableViewCell.swift */,
			);
			path = DiaryList;
			sourceTree = "<group>";
		};
		BFDA87A42A0CE65B00A80314 /* DiaryDetail */ = {
			isa = PBXGroup;
			children = (
				BFD3C62E29F790080000B28B /* DiaryDetailViewController.swift */,
				BFDA87A62A0CE71800A80314 /* WeatherNetworkManager.swift */,
			);
			path = DiaryDetail;
			sourceTree = "<group>";
		};
		BFDA87A52A0CE6AC00A80314 /* Common */ = {
			isa = PBXGroup;
			children = (
				AA75AC8F29FB6D1400CA7782 /* CoreData */,
				AA9DF69A29F76B6D00653F70 /* Extension */,
				BF15022E2A08DE9C00BB16F8 /* Network */,
				BF72A20D2A0205AC00231F21 /* Error */,
				BF72A20C2A02054000231F21 /* Utility */,
				AAB0417629F64BD5006B6D9A /* Model */,
			);
			path = Common;
			sourceTree = "<group>";
		};
		BFF2F46D2A02547D006B728E /* Protocol */ = {
			isa = PBXGroup;
			children = (
				BFF2F46E2A025492006B728E /* DiaryDetailViewControllerDelegate.swift */,
				BFBD2B8F29F6531000A5DC87 /* IdentifierType.swift */,
			);
			path = Protocol;
			sourceTree = "<group>";
		};
		C739AE18284DF28600741E8F = {
			isa = PBXGroup;
			children = (
				C739AE23284DF28600741E8F /* Diary */,
				C739AE22284DF28600741E8F /* Products */,
			);
			sourceTree = "<group>";
		};
		C739AE22284DF28600741E8F /* Products */ = {
			isa = PBXGroup;
			children = (
				C739AE21284DF28600741E8F /* Diary.app */,
			);
			name = Products;
			sourceTree = "<group>";
		};
		C739AE23284DF28600741E8F /* Diary */ = {
			isa = PBXGroup;
			children = (
				BFBD2B9229F6570600A5DC87 /* .swiftlint.yml */,
				BFDA87A52A0CE6AC00A80314 /* Common */,
				AAB0417329F64BBF006B6D9A /* Presentation */,
				AAB0417229F64BB5006B6D9A /* Resources */,
				AAB0417129F64BA1006B6D9A /* Application */,
			);
			path = Diary;
			sourceTree = "<group>";
		};
/* End PBXGroup section */

/* Begin PBXNativeTarget section */
		C739AE20284DF28600741E8F /* Diary */ = {
			isa = PBXNativeTarget;
			buildConfigurationList = C739AE38284DF28600741E8F /* Build configuration list for PBXNativeTarget "Diary" */;
			buildPhases = (
				C739AE1D284DF28600741E8F /* Sources */,
				C739AE1E284DF28600741E8F /* Frameworks */,
				C739AE1F284DF28600741E8F /* Resources */,
				BFBD2B9129F6567F00A5DC87 /* SwiftLint Script */,
			);
			buildRules = (
			);
			dependencies = (
			);
			name = Diary;
			productName = Diary;
			productReference = C739AE21284DF28600741E8F /* Diary.app */;
			productType = "com.apple.product-type.application";
		};
/* End PBXNativeTarget section */

/* Begin PBXProject section */
		C739AE19284DF28600741E8F /* Project object */ = {
			isa = PBXProject;
			attributes = {
				BuildIndependentTargetsInParallel = 1;
				LastSwiftUpdateCheck = 1320;
				LastUpgradeCheck = 1320;
				TargetAttributes = {
					C739AE20284DF28600741E8F = {
						CreatedOnToolsVersion = 13.2.1;
					};
				};
			};
			buildConfigurationList = C739AE1C284DF28600741E8F /* Build configuration list for PBXProject "Diary" */;
			compatibilityVersion = "Xcode 12.0";
			developmentRegion = en;
			hasScannedForEncodings = 0;
			knownRegions = (
				en,
				Base,
			);
			mainGroup = C739AE18284DF28600741E8F;
			productRefGroup = C739AE22284DF28600741E8F /* Products */;
			projectDirPath = "";
			projectRoot = "";
			targets = (
				C739AE20284DF28600741E8F /* Diary */,
			);
		};
/* End PBXProject section */

/* Begin PBXResourcesBuildPhase section */
		C739AE1F284DF28600741E8F /* Resources */ = {
			isa = PBXResourcesBuildPhase;
			buildActionMask = 2147483647;
			files = (
				BFBD2B9329F6570600A5DC87 /* .swiftlint.yml in Resources */,
				C739AE34284DF28600741E8F /* LaunchScreen.storyboard in Resources */,
				C739AE31284DF28600741E8F /* Assets.xcassets in Resources */,
			);
			runOnlyForDeploymentPostprocessing = 0;
		};
/* End PBXResourcesBuildPhase section */

/* Begin PBXShellScriptBuildPhase section */
		BFBD2B9129F6567F00A5DC87 /* SwiftLint Script */ = {
			isa = PBXShellScriptBuildPhase;
			alwaysOutOfDate = 1;
			buildActionMask = 2147483647;
			files = (
			);
			inputFileListPaths = (
			);
			inputPaths = (
			);
			name = "SwiftLint Script";
			outputFileListPaths = (
			);
			outputPaths = (
			);
			runOnlyForDeploymentPostprocessing = 0;
			shellPath = /bin/sh;
			shellScript = "export PATH=\"$PATH:/opt/homebrew/bin\"\nif which swiftlint > /dev/null; then\n  swiftlint\nelse\n  echo \"warning: SwiftLint not installed, download from <https://github.com/realm/SwiftLint>\"\n\noutput_file=\".swiftlint.result.json\"\n\"$PODS_ROOT/SwiftLint/swiftlint\" lint --reporter json > \"$output_file\"\n\necho \"Generated output file: $output_file\"\necho \"Marking it as an output dependency...\"\necho \"$output_file\" > \"$SCRIPT_OUTPUT_FILE_0\"\n\nfi\n";
		};
/* End PBXShellScriptBuildPhase section */

/* Begin PBXSourcesBuildPhase section */
		C739AE1D284DF28600741E8F /* Sources */ = {
			isa = PBXSourcesBuildPhase;
			buildActionMask = 2147483647;
			files = (
				BFDA87A72A0CE71800A80314 /* WeatherNetworkManager.swift in Sources */,
				AAB544AE2A08E2A50003141B /* NetworkManager.swift in Sources */,
				BF15022D2A08DE8700BB16F8 /* NetworkError.swift in Sources */,
				C739AE29284DF28600741E8F /* DiaryListViewController.swift in Sources */,
				BFD3C62F29F790080000B28B /* DiaryDetailViewController.swift in Sources */,
				BFDA87A22A0CBD4900A80314 /* Coordinate.swift in Sources */,
				BFBD2B8C29F6493400A5DC87 /* Contents.swift in Sources */,
				C739AE25284DF28600741E8F /* AppDelegate.swift in Sources */,
				AAC80FA329FB8B9200C499CD /* ContentsEntity+CoreDataProperties.swift in Sources */,
				BFBD2B9029F6531000A5DC87 /* IdentifierType.swift in Sources */,
				BF523F8629F8F3C000BA8553 /* DecodeManager.swift in Sources */,
				BF523F8829F8F53F00BA8553 /* DiaryError.swift in Sources */,
				BFF2F46F2A025492006B728E /* DiaryDetailViewControllerDelegate.swift in Sources */,
				AA18881B2A08F49E0034CF79 /* WeatherData.swift in Sources */,
				BFBD2B8E29F6528400A5DC87 /* ContentsTableViewCell.swift in Sources */,
				BFDA87A02A0CBA7600A80314 /* NotificationName+.swift in Sources */,
				AA6AF57D29F8FC8F00A5DB0A /* AlertManager.swift in Sources */,
				BF1502302A08DEAD00BB16F8 /* EndPoint.swift in Sources */,
				BFA3F40029FB8CD200D3B6B6 /* CoreDataManager.swift in Sources */,
				C739AE27284DF28600741E8F /* SceneDelegate.swift in Sources */,
				BFDA879E2A0CB5D000A80314 /* LocationManager.swift in Sources */,
				AAC80FA229FB8B9200C499CD /* ContentsEntity+CoreDataClass.swift in Sources */,
				C739AE2F284DF28600741E8F /* Diary.xcdatamodeld in Sources */,
				AA9DF69C29F76B9F00653F70 /* Date+.swift in Sources */,
			);
			runOnlyForDeploymentPostprocessing = 0;
		};
/* End PBXSourcesBuildPhase section */

/* Begin PBXVariantGroup section */
		C739AE32284DF28600741E8F /* LaunchScreen.storyboard */ = {
			isa = PBXVariantGroup;
			children = (
				C739AE33284DF28600741E8F /* Base */,
			);
			name = LaunchScreen.storyboard;
			sourceTree = "<group>";
		};
/* End PBXVariantGroup section */

/* Begin XCBuildConfiguration section */
		C739AE36284DF28600741E8F /* Debug */ = {
			isa = XCBuildConfiguration;
			buildSettings = {
				ALWAYS_SEARCH_USER_PATHS = NO;
				CLANG_ANALYZER_NONNULL = YES;
				CLANG_ANALYZER_NUMBER_OBJECT_CONVERSION = YES_AGGRESSIVE;
				CLANG_CXX_LANGUAGE_STANDARD = "gnu++17";
				CLANG_CXX_LIBRARY = "libc++";
				CLANG_ENABLE_MODULES = YES;
				CLANG_ENABLE_OBJC_ARC = YES;
				CLANG_ENABLE_OBJC_WEAK = YES;
				CLANG_WARN_BLOCK_CAPTURE_AUTORELEASING = YES;
				CLANG_WARN_BOOL_CONVERSION = YES;
				CLANG_WARN_COMMA = YES;
				CLANG_WARN_CONSTANT_CONVERSION = YES;
				CLANG_WARN_DEPRECATED_OBJC_IMPLEMENTATIONS = YES;
				CLANG_WARN_DIRECT_OBJC_ISA_USAGE = YES_ERROR;
				CLANG_WARN_DOCUMENTATION_COMMENTS = YES;
				CLANG_WARN_EMPTY_BODY = YES;
				CLANG_WARN_ENUM_CONVERSION = YES;
				CLANG_WARN_INFINITE_RECURSION = YES;
				CLANG_WARN_INT_CONVERSION = YES;
				CLANG_WARN_NON_LITERAL_NULL_CONVERSION = YES;
				CLANG_WARN_OBJC_IMPLICIT_RETAIN_SELF = YES;
				CLANG_WARN_OBJC_LITERAL_CONVERSION = YES;
				CLANG_WARN_OBJC_ROOT_CLASS = YES_ERROR;
				CLANG_WARN_QUOTED_INCLUDE_IN_FRAMEWORK_HEADER = YES;
				CLANG_WARN_RANGE_LOOP_ANALYSIS = YES;
				CLANG_WARN_STRICT_PROTOTYPES = YES;
				CLANG_WARN_SUSPICIOUS_MOVE = YES;
				CLANG_WARN_UNGUARDED_AVAILABILITY = YES_AGGRESSIVE;
				CLANG_WARN_UNREACHABLE_CODE = YES;
				CLANG_WARN__DUPLICATE_METHOD_MATCH = YES;
				COPY_PHASE_STRIP = NO;
				DEBUG_INFORMATION_FORMAT = dwarf;
				ENABLE_STRICT_OBJC_MSGSEND = YES;
				ENABLE_TESTABILITY = YES;
				GCC_C_LANGUAGE_STANDARD = gnu11;
				GCC_DYNAMIC_NO_PIC = NO;
				GCC_NO_COMMON_BLOCKS = YES;
				GCC_OPTIMIZATION_LEVEL = 0;
				GCC_PREPROCESSOR_DEFINITIONS = (
					"DEBUG=1",
					"$(inherited)",
				);
				GCC_WARN_64_TO_32_BIT_CONVERSION = YES;
				GCC_WARN_ABOUT_RETURN_TYPE = YES_ERROR;
				GCC_WARN_UNDECLARED_SELECTOR = YES;
				GCC_WARN_UNINITIALIZED_AUTOS = YES_AGGRESSIVE;
				GCC_WARN_UNUSED_FUNCTION = YES;
				GCC_WARN_UNUSED_VARIABLE = YES;
				IPHONEOS_DEPLOYMENT_TARGET = 15.2;
				MTL_ENABLE_DEBUG_INFO = INCLUDE_SOURCE;
				MTL_FAST_MATH = YES;
				ONLY_ACTIVE_ARCH = YES;
				SDKROOT = iphoneos;
				SWIFT_ACTIVE_COMPILATION_CONDITIONS = DEBUG;
				SWIFT_OPTIMIZATION_LEVEL = "-Onone";
			};
			name = Debug;
		};
		C739AE37284DF28600741E8F /* Release */ = {
			isa = XCBuildConfiguration;
			buildSettings = {
				ALWAYS_SEARCH_USER_PATHS = NO;
				CLANG_ANALYZER_NONNULL = YES;
				CLANG_ANALYZER_NUMBER_OBJECT_CONVERSION = YES_AGGRESSIVE;
				CLANG_CXX_LANGUAGE_STANDARD = "gnu++17";
				CLANG_CXX_LIBRARY = "libc++";
				CLANG_ENABLE_MODULES = YES;
				CLANG_ENABLE_OBJC_ARC = YES;
				CLANG_ENABLE_OBJC_WEAK = YES;
				CLANG_WARN_BLOCK_CAPTURE_AUTORELEASING = YES;
				CLANG_WARN_BOOL_CONVERSION = YES;
				CLANG_WARN_COMMA = YES;
				CLANG_WARN_CONSTANT_CONVERSION = YES;
				CLANG_WARN_DEPRECATED_OBJC_IMPLEMENTATIONS = YES;
				CLANG_WARN_DIRECT_OBJC_ISA_USAGE = YES_ERROR;
				CLANG_WARN_DOCUMENTATION_COMMENTS = YES;
				CLANG_WARN_EMPTY_BODY = YES;
				CLANG_WARN_ENUM_CONVERSION = YES;
				CLANG_WARN_INFINITE_RECURSION = YES;
				CLANG_WARN_INT_CONVERSION = YES;
				CLANG_WARN_NON_LITERAL_NULL_CONVERSION = YES;
				CLANG_WARN_OBJC_IMPLICIT_RETAIN_SELF = YES;
				CLANG_WARN_OBJC_LITERAL_CONVERSION = YES;
				CLANG_WARN_OBJC_ROOT_CLASS = YES_ERROR;
				CLANG_WARN_QUOTED_INCLUDE_IN_FRAMEWORK_HEADER = YES;
				CLANG_WARN_RANGE_LOOP_ANALYSIS = YES;
				CLANG_WARN_STRICT_PROTOTYPES = YES;
				CLANG_WARN_SUSPICIOUS_MOVE = YES;
				CLANG_WARN_UNGUARDED_AVAILABILITY = YES_AGGRESSIVE;
				CLANG_WARN_UNREACHABLE_CODE = YES;
				CLANG_WARN__DUPLICATE_METHOD_MATCH = YES;
				COPY_PHASE_STRIP = NO;
				DEBUG_INFORMATION_FORMAT = "dwarf-with-dsym";
				ENABLE_NS_ASSERTIONS = NO;
				ENABLE_STRICT_OBJC_MSGSEND = YES;
				GCC_C_LANGUAGE_STANDARD = gnu11;
				GCC_NO_COMMON_BLOCKS = YES;
				GCC_WARN_64_TO_32_BIT_CONVERSION = YES;
				GCC_WARN_ABOUT_RETURN_TYPE = YES_ERROR;
				GCC_WARN_UNDECLARED_SELECTOR = YES;
				GCC_WARN_UNINITIALIZED_AUTOS = YES_AGGRESSIVE;
				GCC_WARN_UNUSED_FUNCTION = YES;
				GCC_WARN_UNUSED_VARIABLE = YES;
				IPHONEOS_DEPLOYMENT_TARGET = 15.2;
				MTL_ENABLE_DEBUG_INFO = NO;
				MTL_FAST_MATH = YES;
				SDKROOT = iphoneos;
				SWIFT_COMPILATION_MODE = wholemodule;
				SWIFT_OPTIMIZATION_LEVEL = "-O";
				VALIDATE_PRODUCT = YES;
			};
			name = Release;
		};
		C739AE39284DF28600741E8F /* Debug */ = {
			isa = XCBuildConfiguration;
			buildSettings = {
				ASSETCATALOG_COMPILER_APPICON_NAME = AppIcon;
				ASSETCATALOG_COMPILER_GLOBAL_ACCENT_COLOR_NAME = AccentColor;
				CODE_SIGN_STYLE = Automatic;
				CURRENT_PROJECT_VERSION = 1;
				GENERATE_INFOPLIST_FILE = YES;
				INFOPLIST_FILE = Diary/Resources/Info.plist;
				INFOPLIST_KEY_UIApplicationSupportsIndirectInputEvents = YES;
				INFOPLIST_KEY_UILaunchStoryboardName = LaunchScreen;
				INFOPLIST_KEY_UISupportedInterfaceOrientations_iPad = "UIInterfaceOrientationPortrait UIInterfaceOrientationPortraitUpsideDown UIInterfaceOrientationLandscapeLeft UIInterfaceOrientationLandscapeRight";
				INFOPLIST_KEY_UISupportedInterfaceOrientations_iPhone = "UIInterfaceOrientationPortrait UIInterfaceOrientationLandscapeLeft UIInterfaceOrientationLandscapeRight";
				IPHONEOS_DEPLOYMENT_TARGET = 15.0;
				LD_RUNPATH_SEARCH_PATHS = (
					"$(inherited)",
					"@executable_path/Frameworks",
				);
				MARKETING_VERSION = 1.0;
				PRODUCT_BUNDLE_IDENTIFIER = "kr.yagom-academy.Diary";
				PRODUCT_NAME = "$(TARGET_NAME)";
				SWIFT_EMIT_LOC_STRINGS = YES;
				SWIFT_VERSION = 5.0;
				TARGETED_DEVICE_FAMILY = 1;
			};
			name = Debug;
		};
		C739AE3A284DF28600741E8F /* Release */ = {
			isa = XCBuildConfiguration;
			buildSettings = {
				ASSETCATALOG_COMPILER_APPICON_NAME = AppIcon;
				ASSETCATALOG_COMPILER_GLOBAL_ACCENT_COLOR_NAME = AccentColor;
				CODE_SIGN_STYLE = Automatic;
				CURRENT_PROJECT_VERSION = 1;
				GENERATE_INFOPLIST_FILE = YES;
				INFOPLIST_FILE = Diary/Resources/Info.plist;
				INFOPLIST_KEY_UIApplicationSupportsIndirectInputEvents = YES;
				INFOPLIST_KEY_UILaunchStoryboardName = LaunchScreen;
				INFOPLIST_KEY_UISupportedInterfaceOrientations_iPad = "UIInterfaceOrientationPortrait UIInterfaceOrientationPortraitUpsideDown UIInterfaceOrientationLandscapeLeft UIInterfaceOrientationLandscapeRight";
				INFOPLIST_KEY_UISupportedInterfaceOrientations_iPhone = "UIInterfaceOrientationPortrait UIInterfaceOrientationLandscapeLeft UIInterfaceOrientationLandscapeRight";
				IPHONEOS_DEPLOYMENT_TARGET = 15.0;
				LD_RUNPATH_SEARCH_PATHS = (
					"$(inherited)",
					"@executable_path/Frameworks",
				);
				MARKETING_VERSION = 1.0;
				PRODUCT_BUNDLE_IDENTIFIER = "kr.yagom-academy.Diary";
				PRODUCT_NAME = "$(TARGET_NAME)";
				SWIFT_EMIT_LOC_STRINGS = YES;
				SWIFT_VERSION = 5.0;
				TARGETED_DEVICE_FAMILY = 1;
			};
			name = Release;
		};
/* End XCBuildConfiguration section */

/* Begin XCConfigurationList section */
		C739AE1C284DF28600741E8F /* Build configuration list for PBXProject "Diary" */ = {
			isa = XCConfigurationList;
			buildConfigurations = (
				C739AE36284DF28600741E8F /* Debug */,
				C739AE37284DF28600741E8F /* Release */,
			);
			defaultConfigurationIsVisible = 0;
			defaultConfigurationName = Release;
		};
		C739AE38284DF28600741E8F /* Build configuration list for PBXNativeTarget "Diary" */ = {
			isa = XCConfigurationList;
			buildConfigurations = (
				C739AE39284DF28600741E8F /* Debug */,
				C739AE3A284DF28600741E8F /* Release */,
			);
			defaultConfigurationIsVisible = 0;
			defaultConfigurationName = Release;
		};
/* End XCConfigurationList section */

/* Begin XCVersionGroup section */
		C739AE2D284DF28600741E8F /* Diary.xcdatamodeld */ = {
			isa = XCVersionGroup;
			children = (
				AAB09A1D2A0A18D300D39318 /* Diary v2.xcdatamodel */,
				C739AE2E284DF28600741E8F /* Diary.xcdatamodel */,
			);
			currentVersion = AAB09A1D2A0A18D300D39318 /* Diary v2.xcdatamodel */;
			path = Diary.xcdatamodeld;
			sourceTree = "<group>";
			versionGroupType = wrapper.xcdatamodel;
		};
/* End XCVersionGroup section */
	};
	rootObject = C739AE19284DF28600741E8F /* Project object */;
}
