// !$*UTF8*$!
{
	archiveVersion = 1;
	classes = {
	};
	objectVersion = 54;
	objects = {

/* Begin PBXBuildFile section */
		37216C6B90DF64EFCB4E44CC /* Pods_Diary.framework in Frameworks */ = {isa = PBXBuildFile; fileRef = D99B305E4EC953C4DC59F8E1 /* Pods_Diary.framework */; };
		6751A7A02856DB94002FFC10 /* .swiftlint.yml in Resources */ = {isa = PBXBuildFile; fileRef = 6751A79F2856DB94002FFC10 /* .swiftlint.yml */; };
		678A6EAC28584F5500447B53 /* DiaryDetailViewController.swift in Sources */ = {isa = PBXBuildFile; fileRef = 678A6EAB28584F5500447B53 /* DiaryDetailViewController.swift */; };
		678A6EAE285853D300447B53 /* Date+.swift in Sources */ = {isa = PBXBuildFile; fileRef = 678A6EAD285853D300447B53 /* Date+.swift */; };
		67AF455B285CB49900DA6255 /* AlertBuilder.swift in Sources */ = {isa = PBXBuildFile; fileRef = 67AF455A285CB49900DA6255 /* AlertBuilder.swift */; };
		67B0A62D2865532900946668 /* WeatherInformation.swift in Sources */ = {isa = PBXBuildFile; fileRef = 67B0A62C2865532900946668 /* WeatherInformation.swift */; };
		67B0A6312865551800946668 /* APIable.swift in Sources */ = {isa = PBXBuildFile; fileRef = 67B0A6302865551800946668 /* APIable.swift */; };
		67EF8108286942A5008B5E99 /* DiaryMappingModel.xcmappingmodel in Sources */ = {isa = PBXBuildFile; fileRef = 67EF8107286942A5008B5E99 /* DiaryMappingModel.xcmappingmodel */; };
		94090A67285C1E3F00918B25 /* CoreDataManager.swift in Sources */ = {isa = PBXBuildFile; fileRef = 94090A66285C1E3F00918B25 /* CoreDataManager.swift */; };
		940ADBEB286BEFDC00A67F49 /* DatabaseManageable.swift in Sources */ = {isa = PBXBuildFile; fileRef = 940ADBEA286BEFDC00A67F49 /* DatabaseManageable.swift */; };
		940ADBED286BF86500A67F49 /* Decodable+.swift in Sources */ = {isa = PBXBuildFile; fileRef = 940ADBEC286BF86500A67F49 /* Decodable+.swift */; };
		940ADBF3286D35FA00A67F49 /* DiaryTableCoordinator.swift in Sources */ = {isa = PBXBuildFile; fileRef = 940ADBF2286D35FA00A67F49 /* DiaryTableCoordinator.swift */; };
		940ADBF5286D361700A67F49 /* DiaryDetailCoordinator.swift in Sources */ = {isa = PBXBuildFile; fileRef = 940ADBF4286D361700A67F49 /* DiaryDetailCoordinator.swift */; };
		94332A2C2865D60C00BA1ADB /* Diary.xcdatamodeld in Sources */ = {isa = PBXBuildFile; fileRef = 94332A2A2865D60C00BA1ADB /* Diary.xcdatamodeld */; };
		94332A2F2865D67900BA1ADB /* DiaryEntity+CoreDataClass.swift in Sources */ = {isa = PBXBuildFile; fileRef = 94332A2D2865D67900BA1ADB /* DiaryEntity+CoreDataClass.swift */; };
		94332A302865D67900BA1ADB /* DiaryEntity+CoreDataProperties.swift in Sources */ = {isa = PBXBuildFile; fileRef = 94332A2E2865D67900BA1ADB /* DiaryEntity+CoreDataProperties.swift */; };
		94332A352865E06700BA1ADB /* OpenWeatherAPI.swift in Sources */ = {isa = PBXBuildFile; fileRef = 94332A342865E06700BA1ADB /* OpenWeatherAPI.swift */; };
		94332A392865E2B800BA1ADB /* NetworkManager.swift in Sources */ = {isa = PBXBuildFile; fileRef = 94332A382865E2B800BA1ADB /* NetworkManager.swift */; };
		94332C6A2869E27400BA1ADB /* Coordinator.swift in Sources */ = {isa = PBXBuildFile; fileRef = 94332C692869E27400BA1ADB /* Coordinator.swift */; };
		947133D5285CBFC200511170 /* ContextualActionBuilder.swift in Sources */ = {isa = PBXBuildFile; fileRef = 947133D4285CBFC200511170 /* ContextualActionBuilder.swift */; };
		9480591F285817EF006993F8 /* Diary.swift in Sources */ = {isa = PBXBuildFile; fileRef = 9480591E285817EF006993F8 /* Diary.swift */; };
		9480592728581B10006993F8 /* DiaryTests.swift in Sources */ = {isa = PBXBuildFile; fileRef = 9480592628581B10006993F8 /* DiaryTests.swift */; };
		9480592E2858274C006993F8 /* DiaryCell.swift in Sources */ = {isa = PBXBuildFile; fileRef = 9480592D2858274C006993F8 /* DiaryCell.swift */; };
		9480593128582F14006993F8 /* UIView+.swift in Sources */ = {isa = PBXBuildFile; fileRef = 9480593028582F14006993F8 /* UIView+.swift */; };
		9480593328582F1D006993F8 /* UIStackView+.swift in Sources */ = {isa = PBXBuildFile; fileRef = 9480593228582F1D006993F8 /* UIStackView+.swift */; };
		9480593528582F24006993F8 /* UITableViewCell+.swift in Sources */ = {isa = PBXBuildFile; fileRef = 9480593428582F24006993F8 /* UITableViewCell+.swift */; };
		C739AE25284DF28600741E8F /* AppDelegate.swift in Sources */ = {isa = PBXBuildFile; fileRef = C739AE24284DF28600741E8F /* AppDelegate.swift */; };
		C739AE27284DF28600741E8F /* SceneDelegate.swift in Sources */ = {isa = PBXBuildFile; fileRef = C739AE26284DF28600741E8F /* SceneDelegate.swift */; };
		C739AE29284DF28600741E8F /* DiaryTableViewController.swift in Sources */ = {isa = PBXBuildFile; fileRef = C739AE28284DF28600741E8F /* DiaryTableViewController.swift */; };
		C739AE31284DF28600741E8F /* Assets.xcassets in Resources */ = {isa = PBXBuildFile; fileRef = C739AE30284DF28600741E8F /* Assets.xcassets */; };
		C739AE34284DF28600741E8F /* LaunchScreen.storyboard in Resources */ = {isa = PBXBuildFile; fileRef = C739AE32284DF28600741E8F /* LaunchScreen.storyboard */; };
/* End PBXBuildFile section */

/* Begin PBXContainerItemProxy section */
		9480592828581B10006993F8 /* PBXContainerItemProxy */ = {
			isa = PBXContainerItemProxy;
			containerPortal = C739AE19284DF28600741E8F /* Project object */;
			proxyType = 1;
			remoteGlobalIDString = C739AE20284DF28600741E8F;
			remoteInfo = Diary;
		};
/* End PBXContainerItemProxy section */

/* Begin PBXFileReference section */
		6751A79F2856DB94002FFC10 /* .swiftlint.yml */ = {isa = PBXFileReference; lastKnownFileType = text.yaml; path = .swiftlint.yml; sourceTree = "<group>"; };
		678A6EAB28584F5500447B53 /* DiaryDetailViewController.swift */ = {isa = PBXFileReference; lastKnownFileType = sourcecode.swift; path = DiaryDetailViewController.swift; sourceTree = "<group>"; };
		678A6EAD285853D300447B53 /* Date+.swift */ = {isa = PBXFileReference; lastKnownFileType = sourcecode.swift; path = "Date+.swift"; sourceTree = "<group>"; };
		67AF455A285CB49900DA6255 /* AlertBuilder.swift */ = {isa = PBXFileReference; lastKnownFileType = sourcecode.swift; path = AlertBuilder.swift; sourceTree = "<group>"; };
		67B0A62C2865532900946668 /* WeatherInformation.swift */ = {isa = PBXFileReference; lastKnownFileType = sourcecode.swift; path = WeatherInformation.swift; sourceTree = "<group>"; };
		67B0A6302865551800946668 /* APIable.swift */ = {isa = PBXFileReference; lastKnownFileType = sourcecode.swift; path = APIable.swift; sourceTree = "<group>"; };
		67EF8104286940CE008B5E99 /* Diary v2.xcdatamodel */ = {isa = PBXFileReference; lastKnownFileType = wrapper.xcdatamodel; path = "Diary v2.xcdatamodel"; sourceTree = "<group>"; };
		67EF8107286942A5008B5E99 /* DiaryMappingModel.xcmappingmodel */ = {isa = PBXFileReference; lastKnownFileType = wrapper.xcmappingmodel; path = DiaryMappingModel.xcmappingmodel; sourceTree = "<group>"; };
		7AA0A2BA144C938B1AFD2AA9 /* Pods-Diary.debug.xcconfig */ = {isa = PBXFileReference; includeInIndex = 1; lastKnownFileType = text.xcconfig; name = "Pods-Diary.debug.xcconfig"; path = "Target Support Files/Pods-Diary/Pods-Diary.debug.xcconfig"; sourceTree = "<group>"; };
		94090A66285C1E3F00918B25 /* CoreDataManager.swift */ = {isa = PBXFileReference; lastKnownFileType = sourcecode.swift; path = CoreDataManager.swift; sourceTree = "<group>"; };
		940ADBEA286BEFDC00A67F49 /* DatabaseManageable.swift */ = {isa = PBXFileReference; lastKnownFileType = sourcecode.swift; path = DatabaseManageable.swift; sourceTree = "<group>"; };
		940ADBEC286BF86500A67F49 /* Decodable+.swift */ = {isa = PBXFileReference; lastKnownFileType = sourcecode.swift; path = "Decodable+.swift"; sourceTree = "<group>"; };
		940ADBF2286D35FA00A67F49 /* DiaryTableCoordinator.swift */ = {isa = PBXFileReference; lastKnownFileType = sourcecode.swift; path = DiaryTableCoordinator.swift; sourceTree = "<group>"; };
		940ADBF4286D361700A67F49 /* DiaryDetailCoordinator.swift */ = {isa = PBXFileReference; lastKnownFileType = sourcecode.swift; path = DiaryDetailCoordinator.swift; sourceTree = "<group>"; };
		94332A2B2865D60C00BA1ADB /* Diary.xcdatamodel */ = {isa = PBXFileReference; lastKnownFileType = wrapper.xcdatamodel; path = Diary.xcdatamodel; sourceTree = "<group>"; };
		94332A2D2865D67900BA1ADB /* DiaryEntity+CoreDataClass.swift */ = {isa = PBXFileReference; lastKnownFileType = sourcecode.swift; path = "DiaryEntity+CoreDataClass.swift"; sourceTree = "<group>"; };
		94332A2E2865D67900BA1ADB /* DiaryEntity+CoreDataProperties.swift */ = {isa = PBXFileReference; lastKnownFileType = sourcecode.swift; path = "DiaryEntity+CoreDataProperties.swift"; sourceTree = "<group>"; };
		94332A342865E06700BA1ADB /* OpenWeatherAPI.swift */ = {isa = PBXFileReference; lastKnownFileType = sourcecode.swift; path = OpenWeatherAPI.swift; sourceTree = "<group>"; };
		94332A382865E2B800BA1ADB /* NetworkManager.swift */ = {isa = PBXFileReference; lastKnownFileType = sourcecode.swift; path = NetworkManager.swift; sourceTree = "<group>"; };
		94332C692869E27400BA1ADB /* Coordinator.swift */ = {isa = PBXFileReference; lastKnownFileType = sourcecode.swift; path = Coordinator.swift; sourceTree = "<group>"; };
		947133D4285CBFC200511170 /* ContextualActionBuilder.swift */ = {isa = PBXFileReference; lastKnownFileType = sourcecode.swift; path = ContextualActionBuilder.swift; sourceTree = "<group>"; };
		9480591E285817EF006993F8 /* Diary.swift */ = {isa = PBXFileReference; lastKnownFileType = sourcecode.swift; path = Diary.swift; sourceTree = "<group>"; };
		9480592428581B10006993F8 /* DiaryTests.xctest */ = {isa = PBXFileReference; explicitFileType = wrapper.cfbundle; includeInIndex = 0; path = DiaryTests.xctest; sourceTree = BUILT_PRODUCTS_DIR; };
		9480592628581B10006993F8 /* DiaryTests.swift */ = {isa = PBXFileReference; lastKnownFileType = sourcecode.swift; path = DiaryTests.swift; sourceTree = "<group>"; };
		9480592D2858274C006993F8 /* DiaryCell.swift */ = {isa = PBXFileReference; lastKnownFileType = sourcecode.swift; path = DiaryCell.swift; sourceTree = "<group>"; };
		9480593028582F14006993F8 /* UIView+.swift */ = {isa = PBXFileReference; lastKnownFileType = sourcecode.swift; path = "UIView+.swift"; sourceTree = "<group>"; };
		9480593228582F1D006993F8 /* UIStackView+.swift */ = {isa = PBXFileReference; lastKnownFileType = sourcecode.swift; path = "UIStackView+.swift"; sourceTree = "<group>"; };
		9480593428582F24006993F8 /* UITableViewCell+.swift */ = {isa = PBXFileReference; lastKnownFileType = sourcecode.swift; path = "UITableViewCell+.swift"; sourceTree = "<group>"; };
		C739AE21284DF28600741E8F /* Diary.app */ = {isa = PBXFileReference; explicitFileType = wrapper.application; includeInIndex = 0; path = Diary.app; sourceTree = BUILT_PRODUCTS_DIR; };
		C739AE24284DF28600741E8F /* AppDelegate.swift */ = {isa = PBXFileReference; lastKnownFileType = sourcecode.swift; path = AppDelegate.swift; sourceTree = "<group>"; };
		C739AE26284DF28600741E8F /* SceneDelegate.swift */ = {isa = PBXFileReference; lastKnownFileType = sourcecode.swift; path = SceneDelegate.swift; sourceTree = "<group>"; };
		C739AE28284DF28600741E8F /* DiaryTableViewController.swift */ = {isa = PBXFileReference; lastKnownFileType = sourcecode.swift; path = DiaryTableViewController.swift; sourceTree = "<group>"; };
		C739AE30284DF28600741E8F /* Assets.xcassets */ = {isa = PBXFileReference; lastKnownFileType = folder.assetcatalog; path = Assets.xcassets; sourceTree = "<group>"; };
		C739AE33284DF28600741E8F /* Base */ = {isa = PBXFileReference; lastKnownFileType = file.storyboard; name = Base; path = Base.lproj/LaunchScreen.storyboard; sourceTree = "<group>"; };
		C739AE35284DF28600741E8F /* Info.plist */ = {isa = PBXFileReference; lastKnownFileType = text.plist.xml; path = Info.plist; sourceTree = "<group>"; };
		CC65DEE58EC2916B919933BD /* Pods-Diary.release.xcconfig */ = {isa = PBXFileReference; includeInIndex = 1; lastKnownFileType = text.xcconfig; name = "Pods-Diary.release.xcconfig"; path = "Target Support Files/Pods-Diary/Pods-Diary.release.xcconfig"; sourceTree = "<group>"; };
		D99B305E4EC953C4DC59F8E1 /* Pods_Diary.framework */ = {isa = PBXFileReference; explicitFileType = wrapper.framework; includeInIndex = 0; path = Pods_Diary.framework; sourceTree = BUILT_PRODUCTS_DIR; };
/* End PBXFileReference section */

/* Begin PBXFrameworksBuildPhase section */
		9480592128581B10006993F8 /* Frameworks */ = {
			isa = PBXFrameworksBuildPhase;
			buildActionMask = 2147483647;
			files = (
			);
			runOnlyForDeploymentPostprocessing = 0;
		};
		C739AE1E284DF28600741E8F /* Frameworks */ = {
			isa = PBXFrameworksBuildPhase;
			buildActionMask = 2147483647;
			files = (
				37216C6B90DF64EFCB4E44CC /* Pods_Diary.framework in Frameworks */,
			);
			runOnlyForDeploymentPostprocessing = 0;
		};
/* End PBXFrameworksBuildPhase section */

/* Begin PBXGroup section */
		678DE3E12859F70F00D0E6FC /* Scene */ = {
			isa = PBXGroup;
			children = (
				94332C682869E26400BA1ADB /* Coorinator */,
				678DE3E62859FA2C00D0E6FC /* Extension */,
				C739AE28284DF28600741E8F /* DiaryTableViewController.swift */,
				9480592D2858274C006993F8 /* DiaryCell.swift */,
				678DE3E22859F72000D0E6FC /* Detail */,
			);
			path = Scene;
			sourceTree = "<group>";
		};
		678DE3E22859F72000D0E6FC /* Detail */ = {
			isa = PBXGroup;
			children = (
				678A6EAB28584F5500447B53 /* DiaryDetailViewController.swift */,
			);
			path = Detail;
			sourceTree = "<group>";
		};
		678DE3E32859F81A00D0E6FC /* Model */ = {
			isa = PBXGroup;
			children = (
				67B0A62B2865531100946668 /* Weather */,
				9480591C285816B3006993F8 /* Diary */,
			);
			path = Model;
			sourceTree = "<group>";
		};
		678DE3E42859F9B600D0E6FC /* Utils */ = {
			isa = PBXGroup;
			children = (
				678DE3E52859F9C700D0E6FC /* Extension */,
			);
			path = Utils;
			sourceTree = "<group>";
		};
		678DE3E52859F9C700D0E6FC /* Extension */ = {
			isa = PBXGroup;
			children = (
				678A6EAD285853D300447B53 /* Date+.swift */,
				940ADBEC286BF86500A67F49 /* Decodable+.swift */,
			);
			path = Extension;
			sourceTree = "<group>";
		};
		678DE3E62859FA2C00D0E6FC /* Extension */ = {
			isa = PBXGroup;
			children = (
				9480593428582F24006993F8 /* UITableViewCell+.swift */,
				9480593228582F1D006993F8 /* UIStackView+.swift */,
				9480593028582F14006993F8 /* UIView+.swift */,
				67AF455A285CB49900DA6255 /* AlertBuilder.swift */,
				947133D4285CBFC200511170 /* ContextualActionBuilder.swift */,
			);
			path = Extension;
			sourceTree = "<group>";
		};
		67B0A62B2865531100946668 /* Weather */ = {
			isa = PBXGroup;
			children = (
				67B0A62C2865532900946668 /* WeatherInformation.swift */,
			);
			path = Weather;
			sourceTree = "<group>";
		};
		67B0A62F286554F300946668 /* Network */ = {
			isa = PBXGroup;
			children = (
				94332A332865E00A00BA1ADB /* API */,
				94332A382865E2B800BA1ADB /* NetworkManager.swift */,
			);
			path = Network;
			sourceTree = "<group>";
		};
		94090A65285C1E2300918B25 /* Service */ = {
			isa = PBXGroup;
			children = (
				940ADBE9286BEED900A67F49 /* DataBase */,
				67B0A62F286554F300946668 /* Network */,
			);
			path = Service;
			sourceTree = "<group>";
		};
		940ADBE9286BEED900A67F49 /* DataBase */ = {
			isa = PBXGroup;
			children = (
				940ADBEA286BEFDC00A67F49 /* DatabaseManageable.swift */,
				94090A66285C1E3F00918B25 /* CoreDataManager.swift */,
			);
			path = DataBase;
			sourceTree = "<group>";
		};
		94332A332865E00A00BA1ADB /* API */ = {
			isa = PBXGroup;
			children = (
				67B0A6302865551800946668 /* APIable.swift */,
				94332A342865E06700BA1ADB /* OpenWeatherAPI.swift */,
			);
			path = API;
			sourceTree = "<group>";
		};
		94332C682869E26400BA1ADB /* Coorinator */ = {
			isa = PBXGroup;
			children = (
				94332C692869E27400BA1ADB /* Coordinator.swift */,
				940ADBF2286D35FA00A67F49 /* DiaryTableCoordinator.swift */,
				940ADBF4286D361700A67F49 /* DiaryDetailCoordinator.swift */,
			);
			path = Coorinator;
			sourceTree = "<group>";
		};
		9480591928581647006993F8 /* SupportFile */ = {
			isa = PBXGroup;
			children = (
				C739AE24284DF28600741E8F /* AppDelegate.swift */,
				C739AE26284DF28600741E8F /* SceneDelegate.swift */,
				C739AE32284DF28600741E8F /* LaunchScreen.storyboard */,
				C739AE35284DF28600741E8F /* Info.plist */,
				C739AE30284DF28600741E8F /* Assets.xcassets */,
			);
			path = SupportFile;
			sourceTree = "<group>";
		};
		9480591C285816B3006993F8 /* Diary */ = {
			isa = PBXGroup;
			children = (
				94332A2D2865D67900BA1ADB /* DiaryEntity+CoreDataClass.swift */,
				94332A2E2865D67900BA1ADB /* DiaryEntity+CoreDataProperties.swift */,
				9480591E285817EF006993F8 /* Diary.swift */,
				67EF8107286942A5008B5E99 /* DiaryMappingModel.xcmappingmodel */,
				94332A2A2865D60C00BA1ADB /* Diary.xcdatamodeld */,
			);
			path = Diary;
			sourceTree = "<group>";
		};
		9480592528581B10006993F8 /* DiaryTests */ = {
			isa = PBXGroup;
			children = (
				9480592628581B10006993F8 /* DiaryTests.swift */,
			);
			path = DiaryTests;
			sourceTree = "<group>";
		};
		C2F9753540AA9EAF78BA325D /* Frameworks */ = {
			isa = PBXGroup;
			children = (
				D99B305E4EC953C4DC59F8E1 /* Pods_Diary.framework */,
			);
			name = Frameworks;
			sourceTree = "<group>";
		};
		C739AE18284DF28600741E8F = {
			isa = PBXGroup;
			children = (
				6751A79F2856DB94002FFC10 /* .swiftlint.yml */,
				C739AE23284DF28600741E8F /* Diary */,
				9480592528581B10006993F8 /* DiaryTests */,
				C739AE22284DF28600741E8F /* Products */,
				CA2E07716284B542460C9E7B /* Pods */,
				C2F9753540AA9EAF78BA325D /* Frameworks */,
			);
			sourceTree = "<group>";
		};
		C739AE22284DF28600741E8F /* Products */ = {
			isa = PBXGroup;
			children = (
				C739AE21284DF28600741E8F /* Diary.app */,
				9480592428581B10006993F8 /* DiaryTests.xctest */,
			);
			name = Products;
			sourceTree = "<group>";
		};
		C739AE23284DF28600741E8F /* Diary */ = {
			isa = PBXGroup;
			children = (
				94090A65285C1E2300918B25 /* Service */,
				678DE3E42859F9B600D0E6FC /* Utils */,
				678DE3E32859F81A00D0E6FC /* Model */,
				678DE3E12859F70F00D0E6FC /* Scene */,
				9480591928581647006993F8 /* SupportFile */,
			);
			path = Diary;
			sourceTree = "<group>";
		};
		CA2E07716284B542460C9E7B /* Pods */ = {
			isa = PBXGroup;
			children = (
				7AA0A2BA144C938B1AFD2AA9 /* Pods-Diary.debug.xcconfig */,
				CC65DEE58EC2916B919933BD /* Pods-Diary.release.xcconfig */,
			);
			path = Pods;
			sourceTree = "<group>";
		};
/* End PBXGroup section */

/* Begin PBXNativeTarget section */
		9480592328581B10006993F8 /* DiaryTests */ = {
			isa = PBXNativeTarget;
			buildConfigurationList = 9480592A28581B10006993F8 /* Build configuration list for PBXNativeTarget "DiaryTests" */;
			buildPhases = (
				9480592028581B10006993F8 /* Sources */,
				9480592128581B10006993F8 /* Frameworks */,
				9480592228581B10006993F8 /* Resources */,
			);
			buildRules = (
			);
			dependencies = (
				9480592928581B10006993F8 /* PBXTargetDependency */,
			);
			name = DiaryTests;
			productName = DiaryTests;
			productReference = 9480592428581B10006993F8 /* DiaryTests.xctest */;
			productType = "com.apple.product-type.bundle.unit-test";
		};
		C739AE20284DF28600741E8F /* Diary */ = {
			isa = PBXNativeTarget;
			buildConfigurationList = C739AE38284DF28600741E8F /* Build configuration list for PBXNativeTarget "Diary" */;
			buildPhases = (
				F2D3DC1D908012E546534102 /* [CP] Check Pods Manifest.lock */,
				C739AE1D284DF28600741E8F /* Sources */,
				C739AE1E284DF28600741E8F /* Frameworks */,
				C739AE1F284DF28600741E8F /* Resources */,
				6751A79E2856D9B9002FFC10 /* ShellScript */,
			);
			buildRules = (
			);
			dependencies = (
			);
			name = Diary;
			productName = Diary;
			productReference = C739AE21284DF28600741E8F /* Diary.app */;
			productType = "com.apple.product-type.application";
		};
/* End PBXNativeTarget section */

/* Begin PBXProject section */
		C739AE19284DF28600741E8F /* Project object */ = {
			isa = PBXProject;
			attributes = {
				BuildIndependentTargetsInParallel = 1;
				LastSwiftUpdateCheck = 1340;
				LastUpgradeCheck = 1320;
				TargetAttributes = {
					9480592328581B10006993F8 = {
						CreatedOnToolsVersion = 13.4.1;
						TestTargetID = C739AE20284DF28600741E8F;
					};
					C739AE20284DF28600741E8F = {
						CreatedOnToolsVersion = 13.2.1;
					};
				};
			};
			buildConfigurationList = C739AE1C284DF28600741E8F /* Build configuration list for PBXProject "Diary" */;
			compatibilityVersion = "Xcode 12.0";
			developmentRegion = en;
			hasScannedForEncodings = 0;
			knownRegions = (
				en,
				Base,
			);
			mainGroup = C739AE18284DF28600741E8F;
			productRefGroup = C739AE22284DF28600741E8F /* Products */;
			projectDirPath = "";
			projectRoot = "";
			targets = (
				C739AE20284DF28600741E8F /* Diary */,
				9480592328581B10006993F8 /* DiaryTests */,
			);
		};
/* End PBXProject section */

/* Begin PBXResourcesBuildPhase section */
		9480592228581B10006993F8 /* Resources */ = {
			isa = PBXResourcesBuildPhase;
			buildActionMask = 2147483647;
			files = (
			);
			runOnlyForDeploymentPostprocessing = 0;
		};
		C739AE1F284DF28600741E8F /* Resources */ = {
			isa = PBXResourcesBuildPhase;
			buildActionMask = 2147483647;
			files = (
				6751A7A02856DB94002FFC10 /* .swiftlint.yml in Resources */,
				C739AE34284DF28600741E8F /* LaunchScreen.storyboard in Resources */,
				C739AE31284DF28600741E8F /* Assets.xcassets in Resources */,
			);
			runOnlyForDeploymentPostprocessing = 0;
		};
/* End PBXResourcesBuildPhase section */

/* Begin PBXShellScriptBuildPhase section */
		6751A79E2856D9B9002FFC10 /* ShellScript */ = {
			isa = PBXShellScriptBuildPhase;
			buildActionMask = 2147483647;
			files = (
			);
			inputFileListPaths = (
			);
			inputPaths = (
			);
			outputFileListPaths = (
			);
			outputPaths = (
			);
			runOnlyForDeploymentPostprocessing = 0;
			shellPath = /bin/sh;
			shellScript = "\"${PODS_ROOT}/SwiftLint/swiftlint\"\n";
		};
		F2D3DC1D908012E546534102 /* [CP] Check Pods Manifest.lock */ = {
			isa = PBXShellScriptBuildPhase;
			buildActionMask = 2147483647;
			files = (
			);
			inputFileListPaths = (
			);
			inputPaths = (
				"${PODS_PODFILE_DIR_PATH}/Podfile.lock",
				"${PODS_ROOT}/Manifest.lock",
			);
			name = "[CP] Check Pods Manifest.lock";
			outputFileListPaths = (
			);
			outputPaths = (
				"$(DERIVED_FILE_DIR)/Pods-Diary-checkManifestLockResult.txt",
			);
			runOnlyForDeploymentPostprocessing = 0;
			shellPath = /bin/sh;
			shellScript = "diff \"${PODS_PODFILE_DIR_PATH}/Podfile.lock\" \"${PODS_ROOT}/Manifest.lock\" > /dev/null\nif [ $? != 0 ] ; then\n    # print error to STDERR\n    echo \"error: The sandbox is not in sync with the Podfile.lock. Run 'pod install' or update your CocoaPods installation.\" >&2\n    exit 1\nfi\n# This output is used by Xcode 'outputs' to avoid re-running this script phase.\necho \"SUCCESS\" > \"${SCRIPT_OUTPUT_FILE_0}\"\n";
			showEnvVarsInLog = 0;
		};
/* End PBXShellScriptBuildPhase section */

/* Begin PBXSourcesBuildPhase section */
		9480592028581B10006993F8 /* Sources */ = {
			isa = PBXSourcesBuildPhase;
			buildActionMask = 2147483647;
			files = (
				9480592728581B10006993F8 /* DiaryTests.swift in Sources */,
			);
			runOnlyForDeploymentPostprocessing = 0;
		};
		C739AE1D284DF28600741E8F /* Sources */ = {
			isa = PBXSourcesBuildPhase;
			buildActionMask = 2147483647;
			files = (
				67B0A6312865551800946668 /* APIable.swift in Sources */,
				940ADBF5286D361700A67F49 /* DiaryDetailCoordinator.swift in Sources */,
				94090A67285C1E3F00918B25 /* CoreDataManager.swift in Sources */,
				94332A352865E06700BA1ADB /* OpenWeatherAPI.swift in Sources */,
				94332A392865E2B800BA1ADB /* NetworkManager.swift in Sources */,
				678A6EAE285853D300447B53 /* Date+.swift in Sources */,
				9480593528582F24006993F8 /* UITableViewCell+.swift in Sources */,
				94332C6A2869E27400BA1ADB /* Coordinator.swift in Sources */,
				67B0A62D2865532900946668 /* WeatherInformation.swift in Sources */,
				C739AE29284DF28600741E8F /* DiaryTableViewController.swift in Sources */,
				9480591F285817EF006993F8 /* Diary.swift in Sources */,
				9480593128582F14006993F8 /* UIView+.swift in Sources */,
				C739AE25284DF28600741E8F /* AppDelegate.swift in Sources */,
				940ADBF3286D35FA00A67F49 /* DiaryTableCoordinator.swift in Sources */,
				9480592E2858274C006993F8 /* DiaryCell.swift in Sources */,
				94332A2C2865D60C00BA1ADB /* Diary.xcdatamodeld in Sources */,
				94332A2F2865D67900BA1ADB /* DiaryEntity+CoreDataClass.swift in Sources */,
				940ADBEB286BEFDC00A67F49 /* DatabaseManageable.swift in Sources */,
				678A6EAC28584F5500447B53 /* DiaryDetailViewController.swift in Sources */,
				940ADBED286BF86500A67F49 /* Decodable+.swift in Sources */,
				C739AE27284DF28600741E8F /* SceneDelegate.swift in Sources */,
				67AF455B285CB49900DA6255 /* AlertBuilder.swift in Sources */,
				67EF8108286942A5008B5E99 /* DiaryMappingModel.xcmappingmodel in Sources */,
				9480593328582F1D006993F8 /* UIStackView+.swift in Sources */,
				94332A302865D67900BA1ADB /* DiaryEntity+CoreDataProperties.swift in Sources */,
				947133D5285CBFC200511170 /* ContextualActionBuilder.swift in Sources */,
			);
			runOnlyForDeploymentPostprocessing = 0;
		};
/* End PBXSourcesBuildPhase section */

/* Begin PBXTargetDependency section */
		9480592928581B10006993F8 /* PBXTargetDependency */ = {
			isa = PBXTargetDependency;
			target = C739AE20284DF28600741E8F /* Diary */;
			targetProxy = 9480592828581B10006993F8 /* PBXContainerItemProxy */;
		};
/* End PBXTargetDependency section */

/* Begin PBXVariantGroup section */
		C739AE32284DF28600741E8F /* LaunchScreen.storyboard */ = {
			isa = PBXVariantGroup;
			children = (
				C739AE33284DF28600741E8F /* Base */,
			);
			name = LaunchScreen.storyboard;
			sourceTree = "<group>";
		};
/* End PBXVariantGroup section */

/* Begin XCBuildConfiguration section */
		9480592B28581B10006993F8 /* Debug */ = {
			isa = XCBuildConfiguration;
			buildSettings = {
				BUNDLE_LOADER = "$(TEST_HOST)";
				CODE_SIGN_STYLE = Automatic;
				CURRENT_PROJECT_VERSION = 1;
				DEVELOPMENT_TEAM = 56M5N9M2PX;
				GENERATE_INFOPLIST_FILE = YES;
				IPHONEOS_DEPLOYMENT_TARGET = 15.5;
				MARKETING_VERSION = 1.0;
				PRODUCT_BUNDLE_IDENTIFIER = com.gmail.whqtkf12.DiaryTests;
				PRODUCT_NAME = "$(TARGET_NAME)";
				SWIFT_EMIT_LOC_STRINGS = NO;
				SWIFT_VERSION = 5.0;
				TARGETED_DEVICE_FAMILY = "1,2";
				TEST_HOST = "$(BUILT_PRODUCTS_DIR)/Diary.app/Diary";
			};
			name = Debug;
		};
		9480592C28581B10006993F8 /* Release */ = {
			isa = XCBuildConfiguration;
			buildSettings = {
				BUNDLE_LOADER = "$(TEST_HOST)";
				CODE_SIGN_STYLE = Automatic;
				CURRENT_PROJECT_VERSION = 1;
				DEVELOPMENT_TEAM = 56M5N9M2PX;
				GENERATE_INFOPLIST_FILE = YES;
				IPHONEOS_DEPLOYMENT_TARGET = 15.5;
				MARKETING_VERSION = 1.0;
				PRODUCT_BUNDLE_IDENTIFIER = com.gmail.whqtkf12.DiaryTests;
				PRODUCT_NAME = "$(TARGET_NAME)";
				SWIFT_EMIT_LOC_STRINGS = NO;
				SWIFT_VERSION = 5.0;
				TARGETED_DEVICE_FAMILY = "1,2";
				TEST_HOST = "$(BUILT_PRODUCTS_DIR)/Diary.app/Diary";
			};
			name = Release;
		};
		C739AE36284DF28600741E8F /* Debug */ = {
			isa = XCBuildConfiguration;
			buildSettings = {
				ALWAYS_SEARCH_USER_PATHS = NO;
				CLANG_ANALYZER_NONNULL = YES;
				CLANG_ANALYZER_NUMBER_OBJECT_CONVERSION = YES_AGGRESSIVE;
				CLANG_CXX_LANGUAGE_STANDARD = "gnu++17";
				CLANG_CXX_LIBRARY = "libc++";
				CLANG_ENABLE_MODULES = YES;
				CLANG_ENABLE_OBJC_ARC = YES;
				CLANG_ENABLE_OBJC_WEAK = YES;
				CLANG_WARN_BLOCK_CAPTURE_AUTORELEASING = YES;
				CLANG_WARN_BOOL_CONVERSION = YES;
				CLANG_WARN_COMMA = YES;
				CLANG_WARN_CONSTANT_CONVERSION = YES;
				CLANG_WARN_DEPRECATED_OBJC_IMPLEMENTATIONS = YES;
				CLANG_WARN_DIRECT_OBJC_ISA_USAGE = YES_ERROR;
				CLANG_WARN_DOCUMENTATION_COMMENTS = YES;
				CLANG_WARN_EMPTY_BODY = YES;
				CLANG_WARN_ENUM_CONVERSION = YES;
				CLANG_WARN_INFINITE_RECURSION = YES;
				CLANG_WARN_INT_CONVERSION = YES;
				CLANG_WARN_NON_LITERAL_NULL_CONVERSION = YES;
				CLANG_WARN_OBJC_IMPLICIT_RETAIN_SELF = YES;
				CLANG_WARN_OBJC_LITERAL_CONVERSION = YES;
				CLANG_WARN_OBJC_ROOT_CLASS = YES_ERROR;
				CLANG_WARN_QUOTED_INCLUDE_IN_FRAMEWORK_HEADER = YES;
				CLANG_WARN_RANGE_LOOP_ANALYSIS = YES;
				CLANG_WARN_STRICT_PROTOTYPES = YES;
				CLANG_WARN_SUSPICIOUS_MOVE = YES;
				CLANG_WARN_UNGUARDED_AVAILABILITY = YES_AGGRESSIVE;
				CLANG_WARN_UNREACHABLE_CODE = YES;
				CLANG_WARN__DUPLICATE_METHOD_MATCH = YES;
				COPY_PHASE_STRIP = NO;
				DEBUG_INFORMATION_FORMAT = dwarf;
				ENABLE_STRICT_OBJC_MSGSEND = YES;
				ENABLE_TESTABILITY = YES;
				GCC_C_LANGUAGE_STANDARD = gnu11;
				GCC_DYNAMIC_NO_PIC = NO;
				GCC_NO_COMMON_BLOCKS = YES;
				GCC_OPTIMIZATION_LEVEL = 0;
				GCC_PREPROCESSOR_DEFINITIONS = (
					"DEBUG=1",
					"$(inherited)",
				);
				GCC_WARN_64_TO_32_BIT_CONVERSION = YES;
				GCC_WARN_ABOUT_RETURN_TYPE = YES_ERROR;
				GCC_WARN_UNDECLARED_SELECTOR = YES;
				GCC_WARN_UNINITIALIZED_AUTOS = YES_AGGRESSIVE;
				GCC_WARN_UNUSED_FUNCTION = YES;
				GCC_WARN_UNUSED_VARIABLE = YES;
				IPHONEOS_DEPLOYMENT_TARGET = 15.2;
				MTL_ENABLE_DEBUG_INFO = INCLUDE_SOURCE;
				MTL_FAST_MATH = YES;
				ONLY_ACTIVE_ARCH = YES;
				SDKROOT = iphoneos;
				SWIFT_ACTIVE_COMPILATION_CONDITIONS = DEBUG;
				SWIFT_OPTIMIZATION_LEVEL = "-Onone";
			};
			name = Debug;
		};
		C739AE37284DF28600741E8F /* Release */ = {
			isa = XCBuildConfiguration;
			buildSettings = {
				ALWAYS_SEARCH_USER_PATHS = NO;
				CLANG_ANALYZER_NONNULL = YES;
				CLANG_ANALYZER_NUMBER_OBJECT_CONVERSION = YES_AGGRESSIVE;
				CLANG_CXX_LANGUAGE_STANDARD = "gnu++17";
				CLANG_CXX_LIBRARY = "libc++";
				CLANG_ENABLE_MODULES = YES;
				CLANG_ENABLE_OBJC_ARC = YES;
				CLANG_ENABLE_OBJC_WEAK = YES;
				CLANG_WARN_BLOCK_CAPTURE_AUTORELEASING = YES;
				CLANG_WARN_BOOL_CONVERSION = YES;
				CLANG_WARN_COMMA = YES;
				CLANG_WARN_CONSTANT_CONVERSION = YES;
				CLANG_WARN_DEPRECATED_OBJC_IMPLEMENTATIONS = YES;
				CLANG_WARN_DIRECT_OBJC_ISA_USAGE = YES_ERROR;
				CLANG_WARN_DOCUMENTATION_COMMENTS = YES;
				CLANG_WARN_EMPTY_BODY = YES;
				CLANG_WARN_ENUM_CONVERSION = YES;
				CLANG_WARN_INFINITE_RECURSION = YES;
				CLANG_WARN_INT_CONVERSION = YES;
				CLANG_WARN_NON_LITERAL_NULL_CONVERSION = YES;
				CLANG_WARN_OBJC_IMPLICIT_RETAIN_SELF = YES;
				CLANG_WARN_OBJC_LITERAL_CONVERSION = YES;
				CLANG_WARN_OBJC_ROOT_CLASS = YES_ERROR;
				CLANG_WARN_QUOTED_INCLUDE_IN_FRAMEWORK_HEADER = YES;
				CLANG_WARN_RANGE_LOOP_ANALYSIS = YES;
				CLANG_WARN_STRICT_PROTOTYPES = YES;
				CLANG_WARN_SUSPICIOUS_MOVE = YES;
				CLANG_WARN_UNGUARDED_AVAILABILITY = YES_AGGRESSIVE;
				CLANG_WARN_UNREACHABLE_CODE = YES;
				CLANG_WARN__DUPLICATE_METHOD_MATCH = YES;
				COPY_PHASE_STRIP = NO;
				DEBUG_INFORMATION_FORMAT = "dwarf-with-dsym";
				ENABLE_NS_ASSERTIONS = NO;
				ENABLE_STRICT_OBJC_MSGSEND = YES;
				GCC_C_LANGUAGE_STANDARD = gnu11;
				GCC_NO_COMMON_BLOCKS = YES;
				GCC_WARN_64_TO_32_BIT_CONVERSION = YES;
				GCC_WARN_ABOUT_RETURN_TYPE = YES_ERROR;
				GCC_WARN_UNDECLARED_SELECTOR = YES;
				GCC_WARN_UNINITIALIZED_AUTOS = YES_AGGRESSIVE;
				GCC_WARN_UNUSED_FUNCTION = YES;
				GCC_WARN_UNUSED_VARIABLE = YES;
				IPHONEOS_DEPLOYMENT_TARGET = 15.2;
				MTL_ENABLE_DEBUG_INFO = NO;
				MTL_FAST_MATH = YES;
				SDKROOT = iphoneos;
				SWIFT_COMPILATION_MODE = wholemodule;
				SWIFT_OPTIMIZATION_LEVEL = "-O";
				VALIDATE_PRODUCT = YES;
			};
			name = Release;
		};
		C739AE39284DF28600741E8F /* Debug */ = {
			isa = XCBuildConfiguration;
			baseConfigurationReference = 7AA0A2BA144C938B1AFD2AA9 /* Pods-Diary.debug.xcconfig */;
			buildSettings = {
				ASSETCATALOG_COMPILER_APPICON_NAME = AppIcon;
				ASSETCATALOG_COMPILER_GLOBAL_ACCENT_COLOR_NAME = AccentColor;
				CODE_SIGN_STYLE = Automatic;
				CURRENT_PROJECT_VERSION = 1;
				GENERATE_INFOPLIST_FILE = YES;
				INFOPLIST_FILE = Diary/SupportFile/Info.plist;
				INFOPLIST_KEY_UIApplicationSupportsIndirectInputEvents = YES;
				INFOPLIST_KEY_UILaunchStoryboardName = LaunchScreen;
				INFOPLIST_KEY_UISupportedInterfaceOrientations_iPad = "UIInterfaceOrientationPortrait UIInterfaceOrientationPortraitUpsideDown UIInterfaceOrientationLandscapeLeft UIInterfaceOrientationLandscapeRight";
				INFOPLIST_KEY_UISupportedInterfaceOrientations_iPhone = "UIInterfaceOrientationPortrait UIInterfaceOrientationLandscapeLeft UIInterfaceOrientationLandscapeRight";
				IPHONEOS_DEPLOYMENT_TARGET = 15.0;
				LD_RUNPATH_SEARCH_PATHS = (
					"$(inherited)",
					"@executable_path/Frameworks",
				);
				MARKETING_VERSION = 1.0;
				PRODUCT_BUNDLE_IDENTIFIER = "kr.yagom-academy.Diary";
				PRODUCT_NAME = "$(TARGET_NAME)";
				SWIFT_EMIT_LOC_STRINGS = YES;
				SWIFT_VERSION = 5.0;
				TARGETED_DEVICE_FAMILY = 1;
			};
			name = Debug;
		};
		C739AE3A284DF28600741E8F /* Release */ = {
			isa = XCBuildConfiguration;
			baseConfigurationReference = CC65DEE58EC2916B919933BD /* Pods-Diary.release.xcconfig */;
			buildSettings = {
				ASSETCATALOG_COMPILER_APPICON_NAME = AppIcon;
				ASSETCATALOG_COMPILER_GLOBAL_ACCENT_COLOR_NAME = AccentColor;
				CODE_SIGN_STYLE = Automatic;
				CURRENT_PROJECT_VERSION = 1;
				GENERATE_INFOPLIST_FILE = YES;
				INFOPLIST_FILE = Diary/SupportFile/Info.plist;
				INFOPLIST_KEY_UIApplicationSupportsIndirectInputEvents = YES;
				INFOPLIST_KEY_UILaunchStoryboardName = LaunchScreen;
				INFOPLIST_KEY_UISupportedInterfaceOrientations_iPad = "UIInterfaceOrientationPortrait UIInterfaceOrientationPortraitUpsideDown UIInterfaceOrientationLandscapeLeft UIInterfaceOrientationLandscapeRight";
				INFOPLIST_KEY_UISupportedInterfaceOrientations_iPhone = "UIInterfaceOrientationPortrait UIInterfaceOrientationLandscapeLeft UIInterfaceOrientationLandscapeRight";
				IPHONEOS_DEPLOYMENT_TARGET = 15.0;
				LD_RUNPATH_SEARCH_PATHS = (
					"$(inherited)",
					"@executable_path/Frameworks",
				);
				MARKETING_VERSION = 1.0;
				PRODUCT_BUNDLE_IDENTIFIER = "kr.yagom-academy.Diary";
				PRODUCT_NAME = "$(TARGET_NAME)";
				SWIFT_EMIT_LOC_STRINGS = YES;
				SWIFT_VERSION = 5.0;
				TARGETED_DEVICE_FAMILY = 1;
			};
			name = Release;
		};
/* End XCBuildConfiguration section */

/* Begin XCConfigurationList section */
		9480592A28581B10006993F8 /* Build configuration list for PBXNativeTarget "DiaryTests" */ = {
			isa = XCConfigurationList;
			buildConfigurations = (
				9480592B28581B10006993F8 /* Debug */,
				9480592C28581B10006993F8 /* Release */,
			);
			defaultConfigurationIsVisible = 0;
			defaultConfigurationName = Release;
		};
		C739AE1C284DF28600741E8F /* Build configuration list for PBXProject "Diary" */ = {
			isa = XCConfigurationList;
			buildConfigurations = (
				C739AE36284DF28600741E8F /* Debug */,
				C739AE37284DF28600741E8F /* Release */,
			);
			defaultConfigurationIsVisible = 0;
			defaultConfigurationName = Release;
		};
		C739AE38284DF28600741E8F /* Build configuration list for PBXNativeTarget "Diary" */ = {
			isa = XCConfigurationList;
			buildConfigurations = (
				C739AE39284DF28600741E8F /* Debug */,
				C739AE3A284DF28600741E8F /* Release */,
			);
			defaultConfigurationIsVisible = 0;
			defaultConfigurationName = Release;
		};
/* End XCConfigurationList section */

/* Begin XCVersionGroup section */
		94332A2A2865D60C00BA1ADB /* Diary.xcdatamodeld */ = {
			isa = XCVersionGroup;
			children = (
				67EF8104286940CE008B5E99 /* Diary v2.xcdatamodel */,
				94332A2B2865D60C00BA1ADB /* Diary.xcdatamodel */,
			);
			currentVersion = 67EF8104286940CE008B5E99 /* Diary v2.xcdatamodel */;
			path = Diary.xcdatamodeld;
			sourceTree = "<group>";
			versionGroupType = wrapper.xcdatamodel;
		};
/* End XCVersionGroup section */
	};
	rootObject = C739AE19284DF28600741E8F /* Project object */;
}
