// !$*UTF8*$!
{
	archiveVersion = 1;
	classes = {
	};
	objectVersion = 54;
	objects = {

/* Begin PBXBuildFile section */
		081383632A08CB2F00BEEB8B /* DiaryDateFormatter.swift in Sources */ = {isa = PBXBuildFile; fileRef = 081383622A08CB2F00BEEB8B /* DiaryDateFormatter.swift */; };
		08C3B1BE2A0B8D8E00C0FB8B /* TitleStackView.swift in Sources */ = {isa = PBXBuildFile; fileRef = 08C3B1BD2A0B8D8E00C0FB8B /* TitleStackView.swift */; };
		08C6A70329F663D4005D3975 /* Diary.swift in Sources */ = {isa = PBXBuildFile; fileRef = 08C6A70229F663D4005D3975 /* Diary.swift */; };
		08CD0B3E2A0A1A9F00A0AA6C /* NetworkError.swift in Sources */ = {isa = PBXBuildFile; fileRef = 08CD0B3D2A0A1A9F00A0AA6C /* NetworkError.swift */; };
		08CD0B402A0A1BBD00A0AA6C /* DailyWeather.swift in Sources */ = {isa = PBXBuildFile; fileRef = 08CD0B3F2A0A1BBD00A0AA6C /* DailyWeather.swift */; };
		08CD0B422A0A21E400A0AA6C /* DiaryService.swift in Sources */ = {isa = PBXBuildFile; fileRef = 08CD0B412A0A21E400A0AA6C /* DiaryService.swift */; };
		08D892482A009B14007CB670 /* DiaryDataModel.xcdatamodeld in Sources */ = {isa = PBXBuildFile; fileRef = 08D892462A009B14007CB670 /* DiaryDataModel.xcdatamodeld */; };
		08D8924C2A009C17007CB670 /* DiaryEntity+CoreDataClass.swift in Sources */ = {isa = PBXBuildFile; fileRef = 08D8924A2A009C17007CB670 /* DiaryEntity+CoreDataClass.swift */; };
		08D8924D2A009C17007CB670 /* DiaryEntity+CoreDataProperties.swift in Sources */ = {isa = PBXBuildFile; fileRef = 08D8924B2A009C17007CB670 /* DiaryEntity+CoreDataProperties.swift */; };
		08D8924F2A009C3B007CB670 /* CoreDataManager.swift in Sources */ = {isa = PBXBuildFile; fileRef = 08D8924E2A009C3B007CB670 /* CoreDataManager.swift */; };
		08EB900129F7A7530061163B /* Array+Extension.swift in Sources */ = {isa = PBXBuildFile; fileRef = 08EB900029F7A7530061163B /* Array+Extension.swift */; };
		1C0B529329F79D22008F56BE /* DiaryDetailViewController.swift in Sources */ = {isa = PBXBuildFile; fileRef = 1C0B529229F79D22008F56BE /* DiaryDetailViewController.swift */; };
		1C6636522A038B6B00C85374 /* UIViewController+extension.swift in Sources */ = {isa = PBXBuildFile; fileRef = 1C6636512A038B6B00C85374 /* UIViewController+extension.swift */; };
		1C9590B229F6504D004FD951 /* DiaryTableViewCell.swift in Sources */ = {isa = PBXBuildFile; fileRef = 1C9590B129F6504D004FD951 /* DiaryTableViewCell.swift */; };
		1C9590B429F65919004FD951 /* .swiftlint.yml in Resources */ = {isa = PBXBuildFile; fileRef = 1C9590B329F65919004FD951 /* .swiftlint.yml */; };
		1CDA877D2A0A061E004A3285 /* EndpointMakeable.swift in Sources */ = {isa = PBXBuildFile; fileRef = 1CDA877C2A0A061E004A3285 /* EndpointMakeable.swift */; };
		1CDA877F2A0A0667004A3285 /* OpenWeatherEndpoint.swift in Sources */ = {isa = PBXBuildFile; fileRef = 1CDA877E2A0A0667004A3285 /* OpenWeatherEndpoint.swift */; };
		1CDA87812A0A0999004A3285 /* HTTPMethod.swift in Sources */ = {isa = PBXBuildFile; fileRef = 1CDA87802A0A0999004A3285 /* HTTPMethod.swift */; };
		1CDA87832A0A09AD004A3285 /* APIProvider.swift in Sources */ = {isa = PBXBuildFile; fileRef = 1CDA87822A0A09AD004A3285 /* APIProvider.swift */; };
		1CDA87852A0A0A48004A3285 /* DecodeManager.swift in Sources */ = {isa = PBXBuildFile; fileRef = 1CDA87842A0A0A48004A3285 /* DecodeManager.swift */; };
		1CDA878A2A0B82E6004A3285 /* MappingModelV1ToV2.xcmappingmodel in Sources */ = {isa = PBXBuildFile; fileRef = 1CDA87892A0B82E6004A3285 /* MappingModelV1ToV2.xcmappingmodel */; };
		1CE3F6CE29FAB1FE00375BD3 /* Localizable.strings in Resources */ = {isa = PBXBuildFile; fileRef = 1CE3F6D029FAB1FE00375BD3 /* Localizable.strings */; };
		1CE3F6D429FAB23800375BD3 /* String+Extension.swift in Sources */ = {isa = PBXBuildFile; fileRef = 1CE3F6D329FAB23800375BD3 /* String+Extension.swift */; };
		C739AE25284DF28600741E8F /* AppDelegate.swift in Sources */ = {isa = PBXBuildFile; fileRef = C739AE24284DF28600741E8F /* AppDelegate.swift */; };
		C739AE27284DF28600741E8F /* SceneDelegate.swift in Sources */ = {isa = PBXBuildFile; fileRef = C739AE26284DF28600741E8F /* SceneDelegate.swift */; };
		C739AE29284DF28600741E8F /* DiaryViewController.swift in Sources */ = {isa = PBXBuildFile; fileRef = C739AE28284DF28600741E8F /* DiaryViewController.swift */; };
		C739AE2F284DF28600741E8F /* Diary.xcdatamodeld in Sources */ = {isa = PBXBuildFile; fileRef = C739AE2D284DF28600741E8F /* Diary.xcdatamodeld */; };
		C739AE31284DF28600741E8F /* Assets.xcassets in Resources */ = {isa = PBXBuildFile; fileRef = C739AE30284DF28600741E8F /* Assets.xcassets */; };
		C739AE34284DF28600741E8F /* LaunchScreen.storyboard in Resources */ = {isa = PBXBuildFile; fileRef = C739AE32284DF28600741E8F /* LaunchScreen.storyboard */; };
/* End PBXBuildFile section */

/* Begin PBXFileReference section */
		081383622A08CB2F00BEEB8B /* DiaryDateFormatter.swift */ = {isa = PBXFileReference; lastKnownFileType = sourcecode.swift; path = DiaryDateFormatter.swift; sourceTree = "<group>"; };
		08C3B1BD2A0B8D8E00C0FB8B /* TitleStackView.swift */ = {isa = PBXFileReference; lastKnownFileType = sourcecode.swift; path = TitleStackView.swift; sourceTree = "<group>"; };
		08C6A70229F663D4005D3975 /* Diary.swift */ = {isa = PBXFileReference; lastKnownFileType = sourcecode.swift; path = Diary.swift; sourceTree = "<group>"; };
		08CD0B3D2A0A1A9F00A0AA6C /* NetworkError.swift */ = {isa = PBXFileReference; lastKnownFileType = sourcecode.swift; path = NetworkError.swift; sourceTree = "<group>"; };
		08CD0B3F2A0A1BBD00A0AA6C /* DailyWeather.swift */ = {isa = PBXFileReference; lastKnownFileType = sourcecode.swift; path = DailyWeather.swift; sourceTree = "<group>"; };
		08CD0B412A0A21E400A0AA6C /* DiaryService.swift */ = {isa = PBXFileReference; lastKnownFileType = sourcecode.swift; path = DiaryService.swift; sourceTree = "<group>"; };
		08D892472A009B14007CB670 /* DiaryDataModel.xcdatamodel */ = {isa = PBXFileReference; lastKnownFileType = wrapper.xcdatamodel; path = DiaryDataModel.xcdatamodel; sourceTree = "<group>"; };
		08D8924A2A009C17007CB670 /* DiaryEntity+CoreDataClass.swift */ = {isa = PBXFileReference; lastKnownFileType = sourcecode.swift; path = "DiaryEntity+CoreDataClass.swift"; sourceTree = "<group>"; };
		08D8924B2A009C17007CB670 /* DiaryEntity+CoreDataProperties.swift */ = {isa = PBXFileReference; lastKnownFileType = sourcecode.swift; path = "DiaryEntity+CoreDataProperties.swift"; sourceTree = "<group>"; };
		08D8924E2A009C3B007CB670 /* CoreDataManager.swift */ = {isa = PBXFileReference; lastKnownFileType = sourcecode.swift; path = CoreDataManager.swift; sourceTree = "<group>"; };
		08EB900029F7A7530061163B /* Array+Extension.swift */ = {isa = PBXFileReference; lastKnownFileType = sourcecode.swift; path = "Array+Extension.swift"; sourceTree = "<group>"; };
		1C0B529229F79D22008F56BE /* DiaryDetailViewController.swift */ = {isa = PBXFileReference; lastKnownFileType = sourcecode.swift; path = DiaryDetailViewController.swift; sourceTree = "<group>"; };
		1C6636512A038B6B00C85374 /* UIViewController+extension.swift */ = {isa = PBXFileReference; lastKnownFileType = sourcecode.swift; path = "UIViewController+extension.swift"; sourceTree = "<group>"; };
		1C9590B129F6504D004FD951 /* DiaryTableViewCell.swift */ = {isa = PBXFileReference; lastKnownFileType = sourcecode.swift; path = DiaryTableViewCell.swift; sourceTree = "<group>"; };
		1C9590B329F65919004FD951 /* .swiftlint.yml */ = {isa = PBXFileReference; lastKnownFileType = text.yaml; path = .swiftlint.yml; sourceTree = "<group>"; };
		1CDA877C2A0A061E004A3285 /* EndpointMakeable.swift */ = {isa = PBXFileReference; lastKnownFileType = sourcecode.swift; path = EndpointMakeable.swift; sourceTree = "<group>"; };
		1CDA877E2A0A0667004A3285 /* OpenWeatherEndpoint.swift */ = {isa = PBXFileReference; lastKnownFileType = sourcecode.swift; path = OpenWeatherEndpoint.swift; sourceTree = "<group>"; };
		1CDA87802A0A0999004A3285 /* HTTPMethod.swift */ = {isa = PBXFileReference; lastKnownFileType = sourcecode.swift; path = HTTPMethod.swift; sourceTree = "<group>"; };
		1CDA87822A0A09AD004A3285 /* APIProvider.swift */ = {isa = PBXFileReference; lastKnownFileType = sourcecode.swift; path = APIProvider.swift; sourceTree = "<group>"; };
		1CDA87842A0A0A48004A3285 /* DecodeManager.swift */ = {isa = PBXFileReference; lastKnownFileType = sourcecode.swift; path = DecodeManager.swift; sourceTree = "<group>"; };
		1CDA87882A0B81FB004A3285 /* DiaryDataModel 2.xcdatamodel */ = {isa = PBXFileReference; lastKnownFileType = wrapper.xcdatamodel; path = "DiaryDataModel 2.xcdatamodel"; sourceTree = "<group>"; };
		1CDA87892A0B82E6004A3285 /* MappingModelV1ToV2.xcmappingmodel */ = {isa = PBXFileReference; lastKnownFileType = wrapper.xcmappingmodel; path = MappingModelV1ToV2.xcmappingmodel; sourceTree = "<group>"; };
		1CE3F6CF29FAB1FE00375BD3 /* en */ = {isa = PBXFileReference; lastKnownFileType = text.plist.strings; name = en; path = en.lproj/Localizable.strings; sourceTree = "<group>"; };
		1CE3F6D129FAB20800375BD3 /* ko */ = {isa = PBXFileReference; lastKnownFileType = text.plist.strings; name = ko; path = ko.lproj/LaunchScreen.strings; sourceTree = "<group>"; };
		1CE3F6D229FAB20800375BD3 /* ko */ = {isa = PBXFileReference; lastKnownFileType = text.plist.strings; name = ko; path = ko.lproj/Localizable.strings; sourceTree = "<group>"; };
		1CE3F6D329FAB23800375BD3 /* String+Extension.swift */ = {isa = PBXFileReference; lastKnownFileType = sourcecode.swift; path = "String+Extension.swift"; sourceTree = "<group>"; };
		C739AE21284DF28600741E8F /* Diary.app */ = {isa = PBXFileReference; explicitFileType = wrapper.application; includeInIndex = 0; path = Diary.app; sourceTree = BUILT_PRODUCTS_DIR; };
		C739AE24284DF28600741E8F /* AppDelegate.swift */ = {isa = PBXFileReference; lastKnownFileType = sourcecode.swift; path = AppDelegate.swift; sourceTree = "<group>"; };
		C739AE26284DF28600741E8F /* SceneDelegate.swift */ = {isa = PBXFileReference; lastKnownFileType = sourcecode.swift; path = SceneDelegate.swift; sourceTree = "<group>"; };
		C739AE28284DF28600741E8F /* DiaryViewController.swift */ = {isa = PBXFileReference; lastKnownFileType = sourcecode.swift; path = DiaryViewController.swift; sourceTree = "<group>"; };
		C739AE2E284DF28600741E8F /* Diary.xcdatamodel */ = {isa = PBXFileReference; lastKnownFileType = wrapper.xcdatamodel; path = Diary.xcdatamodel; sourceTree = "<group>"; };
		C739AE30284DF28600741E8F /* Assets.xcassets */ = {isa = PBXFileReference; lastKnownFileType = folder.assetcatalog; path = Assets.xcassets; sourceTree = "<group>"; };
		C739AE33284DF28600741E8F /* Base */ = {isa = PBXFileReference; lastKnownFileType = file.storyboard; name = Base; path = Base.lproj/LaunchScreen.storyboard; sourceTree = "<group>"; };
		C739AE35284DF28600741E8F /* Info.plist */ = {isa = PBXFileReference; lastKnownFileType = text.plist.xml; path = Info.plist; sourceTree = "<group>"; };
/* End PBXFileReference section */

/* Begin PBXFrameworksBuildPhase section */
		C739AE1E284DF28600741E8F /* Frameworks */ = {
			isa = PBXFrameworksBuildPhase;
			buildActionMask = 2147483647;
			files = (
			);
			runOnlyForDeploymentPostprocessing = 0;
		};
/* End PBXFrameworksBuildPhase section */

/* Begin PBXGroup section */
		08C6A6FE29F655D1005D3975 /* Application */ = {
			isa = PBXGroup;
			children = (
				C739AE24284DF28600741E8F /* AppDelegate.swift */,
				C739AE26284DF28600741E8F /* SceneDelegate.swift */,
			);
			path = Application;
			sourceTree = "<group>";
		};
		08C6A6FF29F655F3005D3975 /* Resources */ = {
			isa = PBXGroup;
			children = (
				C739AE32284DF28600741E8F /* LaunchScreen.storyboard */,
				C739AE2D284DF28600741E8F /* Diary.xcdatamodeld */,
				C739AE35284DF28600741E8F /* Info.plist */,
				C739AE30284DF28600741E8F /* Assets.xcassets */,
			);
			path = Resources;
			sourceTree = "<group>";
		};
		08C6A70029F6564F005D3975 /* View */ = {
			isa = PBXGroup;
			children = (
				1C9590B129F6504D004FD951 /* DiaryTableViewCell.swift */,
				08C3B1BD2A0B8D8E00C0FB8B /* TitleStackView.swift */,
			);
			path = View;
			sourceTree = "<group>";
		};
		08C6A70129F65656005D3975 /* Controller */ = {
			isa = PBXGroup;
			children = (
				C739AE28284DF28600741E8F /* DiaryViewController.swift */,
				1C0B529229F79D22008F56BE /* DiaryDetailViewController.swift */,
			);
			path = Controller;
			sourceTree = "<group>";
		};
		08C6A70429F663D8005D3975 /* Model */ = {
			isa = PBXGroup;
			children = (
				08C6A70229F663D4005D3975 /* Diary.swift */,
				08CD0B3F2A0A1BBD00A0AA6C /* DailyWeather.swift */,
			);
			path = Model;
			sourceTree = "<group>";
		};
		08C6A70529F6642C005D3975 /* Extra */ = {
			isa = PBXGroup;
			children = (
				1CDA87842A0A0A48004A3285 /* DecodeManager.swift */,
				081383622A08CB2F00BEEB8B /* DiaryDateFormatter.swift */,
				08CD0B412A0A21E400A0AA6C /* DiaryService.swift */,
			);
			path = Extra;
			sourceTree = "<group>";
		};
		08D892452A009A99007CB670 /* Util */ = {
			isa = PBXGroup;
			children = (
				1CDA877B2A0A05F3004A3285 /* Network */,
				08D892492A009B19007CB670 /* CoreData */,
				1C0B528D29F77727008F56BE /* Extension */,
				1CE3F6CB29FAB1E800375BD3 /* Localizable */,
				08C6A70529F6642C005D3975 /* Extra */,
			);
			path = Util;
			sourceTree = "<group>";
		};
		08D892492A009B19007CB670 /* CoreData */ = {
			isa = PBXGroup;
			children = (
				08D8924B2A009C17007CB670 /* DiaryEntity+CoreDataProperties.swift */,
				08D8924A2A009C17007CB670 /* DiaryEntity+CoreDataClass.swift */,
				1CDA87892A0B82E6004A3285 /* MappingModelV1ToV2.xcmappingmodel */,
				08D892462A009B14007CB670 /* DiaryDataModel.xcdatamodeld */,
				08D8924E2A009C3B007CB670 /* CoreDataManager.swift */,
			);
			path = CoreData;
			sourceTree = "<group>";
		};
		1C0B528D29F77727008F56BE /* Extension */ = {
			isa = PBXGroup;
			children = (
				1C6636512A038B6B00C85374 /* UIViewController+extension.swift */,
				08EB900029F7A7530061163B /* Array+Extension.swift */,
				1CE3F6D329FAB23800375BD3 /* String+Extension.swift */,
			);
			path = Extension;
			sourceTree = "<group>";
		};
		1CDA877B2A0A05F3004A3285 /* Network */ = {
			isa = PBXGroup;
			children = (
				1CDA877C2A0A061E004A3285 /* EndpointMakeable.swift */,
				1CDA877E2A0A0667004A3285 /* OpenWeatherEndpoint.swift */,
				1CDA87802A0A0999004A3285 /* HTTPMethod.swift */,
				1CDA87822A0A09AD004A3285 /* APIProvider.swift */,
				08CD0B3D2A0A1A9F00A0AA6C /* NetworkError.swift */,
			);
			path = Network;
			sourceTree = "<group>";
		};
		1CE3F6CB29FAB1E800375BD3 /* Localizable */ = {
			isa = PBXGroup;
			children = (
				1CE3F6D029FAB1FE00375BD3 /* Localizable.strings */,
			);
			path = Localizable;
			sourceTree = "<group>";
		};
		C739AE18284DF28600741E8F = {
			isa = PBXGroup;
			children = (
				1C9590B329F65919004FD951 /* .swiftlint.yml */,
				C739AE23284DF28600741E8F /* Diary */,
				C739AE22284DF28600741E8F /* Products */,
			);
			sourceTree = "<group>";
		};
		C739AE22284DF28600741E8F /* Products */ = {
			isa = PBXGroup;
			children = (
				C739AE21284DF28600741E8F /* Diary.app */,
			);
			name = Products;
			sourceTree = "<group>";
		};
		C739AE23284DF28600741E8F /* Diary */ = {
			isa = PBXGroup;
			children = (
				08C6A6FE29F655D1005D3975 /* Application */,
				08C6A70429F663D8005D3975 /* Model */,
				08C6A70029F6564F005D3975 /* View */,
				08C6A70129F65656005D3975 /* Controller */,
				08D892452A009A99007CB670 /* Util */,
				08C6A6FF29F655F3005D3975 /* Resources */,
			);
			path = Diary;
			sourceTree = "<group>";
		};
/* End PBXGroup section */

/* Begin PBXNativeTarget section */
		C739AE20284DF28600741E8F /* Diary */ = {
			isa = PBXNativeTarget;
			buildConfigurationList = C739AE38284DF28600741E8F /* Build configuration list for PBXNativeTarget "Diary" */;
			buildPhases = (
				C739AE1D284DF28600741E8F /* Sources */,
				C739AE1E284DF28600741E8F /* Frameworks */,
				C739AE1F284DF28600741E8F /* Resources */,
				08C6A6FD29F64B71005D3975 /* ShellScript */,
			);
			buildRules = (
			);
			dependencies = (
			);
			name = Diary;
			productName = Diary;
			productReference = C739AE21284DF28600741E8F /* Diary.app */;
			productType = "com.apple.product-type.application";
		};
/* End PBXNativeTarget section */

/* Begin PBXProject section */
		C739AE19284DF28600741E8F /* Project object */ = {
			isa = PBXProject;
			attributes = {
				BuildIndependentTargetsInParallel = 1;
				LastSwiftUpdateCheck = 1320;
				LastUpgradeCheck = 1320;
				TargetAttributes = {
					C739AE20284DF28600741E8F = {
						CreatedOnToolsVersion = 13.2.1;
					};
				};
			};
			buildConfigurationList = C739AE1C284DF28600741E8F /* Build configuration list for PBXProject "Diary" */;
			compatibilityVersion = "Xcode 12.0";
			developmentRegion = en;
			hasScannedForEncodings = 0;
			knownRegions = (
				en,
				Base,
				ko,
			);
			mainGroup = C739AE18284DF28600741E8F;
			productRefGroup = C739AE22284DF28600741E8F /* Products */;
			projectDirPath = "";
			projectRoot = "";
			targets = (
				C739AE20284DF28600741E8F /* Diary */,
			);
		};
/* End PBXProject section */

/* Begin PBXResourcesBuildPhase section */
		C739AE1F284DF28600741E8F /* Resources */ = {
			isa = PBXResourcesBuildPhase;
			buildActionMask = 2147483647;
			files = (
				1C9590B429F65919004FD951 /* .swiftlint.yml in Resources */,
				1CE3F6CE29FAB1FE00375BD3 /* Localizable.strings in Resources */,
				C739AE34284DF28600741E8F /* LaunchScreen.storyboard in Resources */,
				C739AE31284DF28600741E8F /* Assets.xcassets in Resources */,
			);
			runOnlyForDeploymentPostprocessing = 0;
		};
/* End PBXResourcesBuildPhase section */

/* Begin PBXShellScriptBuildPhase section */
		08C6A6FD29F64B71005D3975 /* ShellScript */ = {
			isa = PBXShellScriptBuildPhase;
			alwaysOutOfDate = 1;
			buildActionMask = 2147483647;
			files = (
			);
			inputFileListPaths = (
			);
			inputPaths = (
			);
			outputFileListPaths = (
			);
			outputPaths = (
			);
			runOnlyForDeploymentPostprocessing = 0;
			shellPath = /bin/sh;
			shellScript = "export PATH=\"$PATH:/opt/homebrew/bin\"\nif which swiftlint >/dev/null; then\n  swiftlint\nelse\n  echo \"warning: SwiftLint not installed, download from https://github.com/realm/SwiftLint\"\nfi\n";
		};
/* End PBXShellScriptBuildPhase section */

/* Begin PBXSourcesBuildPhase section */
		C739AE1D284DF28600741E8F /* Sources */ = {
			isa = PBXSourcesBuildPhase;
			buildActionMask = 2147483647;
			files = (
				08CD0B422A0A21E400A0AA6C /* DiaryService.swift in Sources */,
				1CDA87812A0A0999004A3285 /* HTTPMethod.swift in Sources */,
				08D8924D2A009C17007CB670 /* DiaryEntity+CoreDataProperties.swift in Sources */,
				1CDA877D2A0A061E004A3285 /* EndpointMakeable.swift in Sources */,
				C739AE29284DF28600741E8F /* DiaryViewController.swift in Sources */,
				1C0B529329F79D22008F56BE /* DiaryDetailViewController.swift in Sources */,
				08D8924F2A009C3B007CB670 /* CoreDataManager.swift in Sources */,
				08D8924C2A009C17007CB670 /* DiaryEntity+CoreDataClass.swift in Sources */,
				1CDA87832A0A09AD004A3285 /* APIProvider.swift in Sources */,
				1CDA878A2A0B82E6004A3285 /* MappingModelV1ToV2.xcmappingmodel in Sources */,
				08CD0B3E2A0A1A9F00A0AA6C /* NetworkError.swift in Sources */,
				1CDA877F2A0A0667004A3285 /* OpenWeatherEndpoint.swift in Sources */,
				08CD0B402A0A1BBD00A0AA6C /* DailyWeather.swift in Sources */,
				08EB900129F7A7530061163B /* Array+Extension.swift in Sources */,
				08C3B1BE2A0B8D8E00C0FB8B /* TitleStackView.swift in Sources */,
				C739AE25284DF28600741E8F /* AppDelegate.swift in Sources */,
				1C6636522A038B6B00C85374 /* UIViewController+extension.swift in Sources */,
				08D892482A009B14007CB670 /* DiaryDataModel.xcdatamodeld in Sources */,
				1CE3F6D429FAB23800375BD3 /* String+Extension.swift in Sources */,
				C739AE27284DF28600741E8F /* SceneDelegate.swift in Sources */,
				081383632A08CB2F00BEEB8B /* DiaryDateFormatter.swift in Sources */,
				C739AE2F284DF28600741E8F /* Diary.xcdatamodeld in Sources */,
				1C9590B229F6504D004FD951 /* DiaryTableViewCell.swift in Sources */,
				08C6A70329F663D4005D3975 /* Diary.swift in Sources */,
				1CDA87852A0A0A48004A3285 /* DecodeManager.swift in Sources */,
			);
			runOnlyForDeploymentPostprocessing = 0;
		};
/* End PBXSourcesBuildPhase section */

/* Begin PBXVariantGroup section */
		1CE3F6D029FAB1FE00375BD3 /* Localizable.strings */ = {
			isa = PBXVariantGroup;
			children = (
				1CE3F6CF29FAB1FE00375BD3 /* en */,
				1CE3F6D229FAB20800375BD3 /* ko */,
			);
			name = Localizable.strings;
			sourceTree = "<group>";
		};
		C739AE32284DF28600741E8F /* LaunchScreen.storyboard */ = {
			isa = PBXVariantGroup;
			children = (
				C739AE33284DF28600741E8F /* Base */,
				1CE3F6D129FAB20800375BD3 /* ko */,
			);
			name = LaunchScreen.storyboard;
			sourceTree = "<group>";
		};
/* End PBXVariantGroup section */

/* Begin XCBuildConfiguration section */
		C739AE36284DF28600741E8F /* Debug */ = {
			isa = XCBuildConfiguration;
			buildSettings = {
				ALWAYS_SEARCH_USER_PATHS = NO;
				CLANG_ANALYZER_LOCALIZABILITY_NONLOCALIZED = YES;
				CLANG_ANALYZER_NONNULL = YES;
				CLANG_ANALYZER_NUMBER_OBJECT_CONVERSION = YES_AGGRESSIVE;
				CLANG_CXX_LANGUAGE_STANDARD = "gnu++17";
				CLANG_CXX_LIBRARY = "libc++";
				CLANG_ENABLE_MODULES = YES;
				CLANG_ENABLE_OBJC_ARC = YES;
				CLANG_ENABLE_OBJC_WEAK = YES;
				CLANG_WARN_BLOCK_CAPTURE_AUTORELEASING = YES;
				CLANG_WARN_BOOL_CONVERSION = YES;
				CLANG_WARN_COMMA = YES;
				CLANG_WARN_CONSTANT_CONVERSION = YES;
				CLANG_WARN_DEPRECATED_OBJC_IMPLEMENTATIONS = YES;
				CLANG_WARN_DIRECT_OBJC_ISA_USAGE = YES_ERROR;
				CLANG_WARN_DOCUMENTATION_COMMENTS = YES;
				CLANG_WARN_EMPTY_BODY = YES;
				CLANG_WARN_ENUM_CONVERSION = YES;
				CLANG_WARN_INFINITE_RECURSION = YES;
				CLANG_WARN_INT_CONVERSION = YES;
				CLANG_WARN_NON_LITERAL_NULL_CONVERSION = YES;
				CLANG_WARN_OBJC_IMPLICIT_RETAIN_SELF = YES;
				CLANG_WARN_OBJC_LITERAL_CONVERSION = YES;
				CLANG_WARN_OBJC_ROOT_CLASS = YES_ERROR;
				CLANG_WARN_QUOTED_INCLUDE_IN_FRAMEWORK_HEADER = YES;
				CLANG_WARN_RANGE_LOOP_ANALYSIS = YES;
				CLANG_WARN_STRICT_PROTOTYPES = YES;
				CLANG_WARN_SUSPICIOUS_MOVE = YES;
				CLANG_WARN_UNGUARDED_AVAILABILITY = YES_AGGRESSIVE;
				CLANG_WARN_UNREACHABLE_CODE = YES;
				CLANG_WARN__DUPLICATE_METHOD_MATCH = YES;
				COPY_PHASE_STRIP = NO;
				DEBUG_INFORMATION_FORMAT = dwarf;
				ENABLE_STRICT_OBJC_MSGSEND = YES;
				ENABLE_TESTABILITY = YES;
				GCC_C_LANGUAGE_STANDARD = gnu11;
				GCC_DYNAMIC_NO_PIC = NO;
				GCC_NO_COMMON_BLOCKS = YES;
				GCC_OPTIMIZATION_LEVEL = 0;
				GCC_PREPROCESSOR_DEFINITIONS = (
					"DEBUG=1",
					"$(inherited)",
				);
				GCC_WARN_64_TO_32_BIT_CONVERSION = YES;
				GCC_WARN_ABOUT_RETURN_TYPE = YES_ERROR;
				GCC_WARN_UNDECLARED_SELECTOR = YES;
				GCC_WARN_UNINITIALIZED_AUTOS = YES_AGGRESSIVE;
				GCC_WARN_UNUSED_FUNCTION = YES;
				GCC_WARN_UNUSED_VARIABLE = YES;
				IPHONEOS_DEPLOYMENT_TARGET = 15.2;
				MTL_ENABLE_DEBUG_INFO = INCLUDE_SOURCE;
				MTL_FAST_MATH = YES;
				ONLY_ACTIVE_ARCH = YES;
				SDKROOT = iphoneos;
				SWIFT_ACTIVE_COMPILATION_CONDITIONS = DEBUG;
				SWIFT_OPTIMIZATION_LEVEL = "-Onone";
			};
			name = Debug;
		};
		C739AE37284DF28600741E8F /* Release */ = {
			isa = XCBuildConfiguration;
			buildSettings = {
				ALWAYS_SEARCH_USER_PATHS = NO;
				CLANG_ANALYZER_LOCALIZABILITY_NONLOCALIZED = YES;
				CLANG_ANALYZER_NONNULL = YES;
				CLANG_ANALYZER_NUMBER_OBJECT_CONVERSION = YES_AGGRESSIVE;
				CLANG_CXX_LANGUAGE_STANDARD = "gnu++17";
				CLANG_CXX_LIBRARY = "libc++";
				CLANG_ENABLE_MODULES = YES;
				CLANG_ENABLE_OBJC_ARC = YES;
				CLANG_ENABLE_OBJC_WEAK = YES;
				CLANG_WARN_BLOCK_CAPTURE_AUTORELEASING = YES;
				CLANG_WARN_BOOL_CONVERSION = YES;
				CLANG_WARN_COMMA = YES;
				CLANG_WARN_CONSTANT_CONVERSION = YES;
				CLANG_WARN_DEPRECATED_OBJC_IMPLEMENTATIONS = YES;
				CLANG_WARN_DIRECT_OBJC_ISA_USAGE = YES_ERROR;
				CLANG_WARN_DOCUMENTATION_COMMENTS = YES;
				CLANG_WARN_EMPTY_BODY = YES;
				CLANG_WARN_ENUM_CONVERSION = YES;
				CLANG_WARN_INFINITE_RECURSION = YES;
				CLANG_WARN_INT_CONVERSION = YES;
				CLANG_WARN_NON_LITERAL_NULL_CONVERSION = YES;
				CLANG_WARN_OBJC_IMPLICIT_RETAIN_SELF = YES;
				CLANG_WARN_OBJC_LITERAL_CONVERSION = YES;
				CLANG_WARN_OBJC_ROOT_CLASS = YES_ERROR;
				CLANG_WARN_QUOTED_INCLUDE_IN_FRAMEWORK_HEADER = YES;
				CLANG_WARN_RANGE_LOOP_ANALYSIS = YES;
				CLANG_WARN_STRICT_PROTOTYPES = YES;
				CLANG_WARN_SUSPICIOUS_MOVE = YES;
				CLANG_WARN_UNGUARDED_AVAILABILITY = YES_AGGRESSIVE;
				CLANG_WARN_UNREACHABLE_CODE = YES;
				CLANG_WARN__DUPLICATE_METHOD_MATCH = YES;
				COPY_PHASE_STRIP = NO;
				DEBUG_INFORMATION_FORMAT = "dwarf-with-dsym";
				ENABLE_NS_ASSERTIONS = NO;
				ENABLE_STRICT_OBJC_MSGSEND = YES;
				GCC_C_LANGUAGE_STANDARD = gnu11;
				GCC_NO_COMMON_BLOCKS = YES;
				GCC_WARN_64_TO_32_BIT_CONVERSION = YES;
				GCC_WARN_ABOUT_RETURN_TYPE = YES_ERROR;
				GCC_WARN_UNDECLARED_SELECTOR = YES;
				GCC_WARN_UNINITIALIZED_AUTOS = YES_AGGRESSIVE;
				GCC_WARN_UNUSED_FUNCTION = YES;
				GCC_WARN_UNUSED_VARIABLE = YES;
				IPHONEOS_DEPLOYMENT_TARGET = 15.2;
				MTL_ENABLE_DEBUG_INFO = NO;
				MTL_FAST_MATH = YES;
				SDKROOT = iphoneos;
				SWIFT_COMPILATION_MODE = wholemodule;
				SWIFT_OPTIMIZATION_LEVEL = "-O";
				VALIDATE_PRODUCT = YES;
			};
			name = Release;
		};
		C739AE39284DF28600741E8F /* Debug */ = {
			isa = XCBuildConfiguration;
			buildSettings = {
				ASSETCATALOG_COMPILER_APPICON_NAME = AppIcon;
				ASSETCATALOG_COMPILER_GLOBAL_ACCENT_COLOR_NAME = AccentColor;
				CODE_SIGN_STYLE = Automatic;
				CURRENT_PROJECT_VERSION = 1;
				DEVELOPMENT_TEAM = W33V23332B;
				GENERATE_INFOPLIST_FILE = YES;
				INFOPLIST_FILE = Diary/Resources/Info.plist;
				INFOPLIST_KEY_UIApplicationSupportsIndirectInputEvents = YES;
				INFOPLIST_KEY_UILaunchStoryboardName = LaunchScreen;
				INFOPLIST_KEY_UISupportedInterfaceOrientations_iPad = "UIInterfaceOrientationPortrait UIInterfaceOrientationPortraitUpsideDown UIInterfaceOrientationLandscapeLeft UIInterfaceOrientationLandscapeRight";
				INFOPLIST_KEY_UISupportedInterfaceOrientations_iPhone = "UIInterfaceOrientationPortrait UIInterfaceOrientationLandscapeLeft UIInterfaceOrientationLandscapeRight";
				IPHONEOS_DEPLOYMENT_TARGET = 14.0;
				LD_RUNPATH_SEARCH_PATHS = (
					"$(inherited)",
					"@executable_path/Frameworks",
				);
				MARKETING_VERSION = 1.0;
				PRODUCT_BUNDLE_IDENTIFIER = sjkim.Diary;
				PRODUCT_NAME = "$(TARGET_NAME)";
				SWIFT_EMIT_LOC_STRINGS = YES;
				SWIFT_VERSION = 5.0;
				TARGETED_DEVICE_FAMILY = 1;
			};
			name = Debug;
		};
		C739AE3A284DF28600741E8F /* Release */ = {
			isa = XCBuildConfiguration;
			buildSettings = {
				ASSETCATALOG_COMPILER_APPICON_NAME = AppIcon;
				ASSETCATALOG_COMPILER_GLOBAL_ACCENT_COLOR_NAME = AccentColor;
				CODE_SIGN_STYLE = Automatic;
				CURRENT_PROJECT_VERSION = 1;
				DEVELOPMENT_TEAM = W33V23332B;
				GENERATE_INFOPLIST_FILE = YES;
				INFOPLIST_FILE = Diary/Resources/Info.plist;
				INFOPLIST_KEY_UIApplicationSupportsIndirectInputEvents = YES;
				INFOPLIST_KEY_UILaunchStoryboardName = LaunchScreen;
				INFOPLIST_KEY_UISupportedInterfaceOrientations_iPad = "UIInterfaceOrientationPortrait UIInterfaceOrientationPortraitUpsideDown UIInterfaceOrientationLandscapeLeft UIInterfaceOrientationLandscapeRight";
				INFOPLIST_KEY_UISupportedInterfaceOrientations_iPhone = "UIInterfaceOrientationPortrait UIInterfaceOrientationLandscapeLeft UIInterfaceOrientationLandscapeRight";
				IPHONEOS_DEPLOYMENT_TARGET = 14.0;
				LD_RUNPATH_SEARCH_PATHS = (
					"$(inherited)",
					"@executable_path/Frameworks",
				);
				MARKETING_VERSION = 1.0;
				PRODUCT_BUNDLE_IDENTIFIER = sjkim.Diary;
				PRODUCT_NAME = "$(TARGET_NAME)";
				SWIFT_EMIT_LOC_STRINGS = YES;
				SWIFT_VERSION = 5.0;
				TARGETED_DEVICE_FAMILY = 1;
			};
			name = Release;
		};
/* End XCBuildConfiguration section */

/* Begin XCConfigurationList section */
		C739AE1C284DF28600741E8F /* Build configuration list for PBXProject "Diary" */ = {
			isa = XCConfigurationList;
			buildConfigurations = (
				C739AE36284DF28600741E8F /* Debug */,
				C739AE37284DF28600741E8F /* Release */,
			);
			defaultConfigurationIsVisible = 0;
			defaultConfigurationName = Release;
		};
		C739AE38284DF28600741E8F /* Build configuration list for PBXNativeTarget "Diary" */ = {
			isa = XCConfigurationList;
			buildConfigurations = (
				C739AE39284DF28600741E8F /* Debug */,
				C739AE3A284DF28600741E8F /* Release */,
			);
			defaultConfigurationIsVisible = 0;
			defaultConfigurationName = Release;
		};
/* End XCConfigurationList section */

/* Begin XCVersionGroup section */
		08D892462A009B14007CB670 /* DiaryDataModel.xcdatamodeld */ = {
			isa = XCVersionGroup;
			children = (
				1CDA87882A0B81FB004A3285 /* DiaryDataModel 2.xcdatamodel */,
				08D892472A009B14007CB670 /* DiaryDataModel.xcdatamodel */,
			);
			currentVersion = 1CDA87882A0B81FB004A3285 /* DiaryDataModel 2.xcdatamodel */;
			path = DiaryDataModel.xcdatamodeld;
			sourceTree = "<group>";
			versionGroupType = wrapper.xcdatamodel;
		};
		C739AE2D284DF28600741E8F /* Diary.xcdatamodeld */ = {
			isa = XCVersionGroup;
			children = (
				C739AE2E284DF28600741E8F /* Diary.xcdatamodel */,
			);
			currentVersion = C739AE2E284DF28600741E8F /* Diary.xcdatamodel */;
			path = Diary.xcdatamodeld;
			sourceTree = "<group>";
			versionGroupType = wrapper.xcdatamodel;
		};
/* End XCVersionGroup section */
	};
	rootObject = C739AE19284DF28600741E8F /* Project object */;
}
